// !$*UTF8*$!
{
	archiveVersion = 1;
	classes = {
	};
	objectVersion = 55;
	objects = {

/* Begin PBXBuildFile section */
		560EB2DC280DE5CE00A54319 /* BooerApp.swift in Sources */ = {isa = PBXBuildFile; fileRef = 560EB2CC280DE5CD00A54319 /* BooerApp.swift */; };
		560EB2DD280DE5CE00A54319 /* BooerApp.swift in Sources */ = {isa = PBXBuildFile; fileRef = 560EB2CC280DE5CD00A54319 /* BooerApp.swift */; };
		560EB2DE280DE5CE00A54319 /* ContentView.swift in Sources */ = {isa = PBXBuildFile; fileRef = 560EB2CD280DE5CD00A54319 /* ContentView.swift */; };
		560EB2DF280DE5CE00A54319 /* ContentView.swift in Sources */ = {isa = PBXBuildFile; fileRef = 560EB2CD280DE5CD00A54319 /* ContentView.swift */; };
		560EB2E0280DE5CE00A54319 /* Assets.xcassets in Resources */ = {isa = PBXBuildFile; fileRef = 560EB2CE280DE5CE00A54319 /* Assets.xcassets */; };
		560EB2E1280DE5CE00A54319 /* Assets.xcassets in Resources */ = {isa = PBXBuildFile; fileRef = 560EB2CE280DE5CE00A54319 /* Assets.xcassets */; };
		560EB2EC280DE89700A54319 /* ComposableArchitecture in Frameworks */ = {isa = PBXBuildFile; productRef = 560EB2EB280DE89700A54319 /* ComposableArchitecture */; };
		5610F385287C91190088AF58 /* AppCore.swift in Sources */ = {isa = PBXBuildFile; fileRef = 5610F384287C91190088AF58 /* AppCore.swift */; };
		5610F386287C91190088AF58 /* AppCore.swift in Sources */ = {isa = PBXBuildFile; fileRef = 5610F384287C91190088AF58 /* AppCore.swift */; };
		56327638284FCAC5000168C7 /* BooerCalendar in Frameworks */ = {isa = PBXBuildFile; productRef = 56327637284FCAC5000168C7 /* BooerCalendar */; };
		5632763A284FCAC9000168C7 /* DatabaseBooer in Frameworks */ = {isa = PBXBuildFile; productRef = 56327639284FCAC9000168C7 /* DatabaseBooer */; };
		5632763C284FCACD000168C7 /* BookManagment in Frameworks */ = {isa = PBXBuildFile; productRef = 5632763B284FCACD000168C7 /* BookManagment */; };
		56395B8028E4CAB70005DA7C /* CalendarUITests.swift in Sources */ = {isa = PBXBuildFile; fileRef = 56395B7F28E4CAB70005DA7C /* CalendarUITests.swift */; };
		564889AF29E42B8500FC7BD7 /* Logging in Frameworks */ = {isa = PBXBuildFile; productRef = 564889AE29E42B8500FC7BD7 /* Logging */; };
		56505A7A292C162800AA2E46 /* NewChallengeUITests.swift in Sources */ = {isa = PBXBuildFile; fileRef = 56505A79292C162800AA2E46 /* NewChallengeUITests.swift */; };
		565557BF28E4C175001AF944 /* BooerUITests.swift in Sources */ = {isa = PBXBuildFile; fileRef = 565557BE28E4C175001AF944 /* BooerUITests.swift */; };
		565557C128E4C175001AF944 /* BooerUITestsLaunchTests.swift in Sources */ = {isa = PBXBuildFile; fileRef = 565557C028E4C175001AF944 /* BooerUITestsLaunchTests.swift */; };
		5655EFE4291453180040E4F6 /* Challenges in Frameworks */ = {isa = PBXBuildFile; productRef = 5655EFE3291453180040E4F6 /* Challenges */; };
/* End PBXBuildFile section */

/* Begin PBXContainerItemProxy section */
		565557C228E4C175001AF944 /* PBXContainerItemProxy */ = {
			isa = PBXContainerItemProxy;
			containerPortal = 560EB2C7280DE5CD00A54319 /* Project object */;
			proxyType = 1;
			remoteGlobalIDString = 560EB2D2280DE5CE00A54319;
			remoteInfo = "Booer (iOS)";
		};
/* End PBXContainerItemProxy section */

/* Begin PBXFileReference section */
		560EB2CC280DE5CD00A54319 /* BooerApp.swift */ = {isa = PBXFileReference; lastKnownFileType = sourcecode.swift; path = BooerApp.swift; sourceTree = "<group>"; };
		560EB2CD280DE5CD00A54319 /* ContentView.swift */ = {isa = PBXFileReference; lastKnownFileType = sourcecode.swift; path = ContentView.swift; sourceTree = "<group>"; };
		560EB2CE280DE5CE00A54319 /* Assets.xcassets */ = {isa = PBXFileReference; lastKnownFileType = folder.assetcatalog; path = Assets.xcassets; sourceTree = "<group>"; };
		560EB2D3280DE5CE00A54319 /* Booer.app */ = {isa = PBXFileReference; explicitFileType = wrapper.application; includeInIndex = 0; path = Booer.app; sourceTree = BUILT_PRODUCTS_DIR; };
		560EB2D9280DE5CE00A54319 /* Booer.app */ = {isa = PBXFileReference; explicitFileType = wrapper.application; includeInIndex = 0; path = Booer.app; sourceTree = BUILT_PRODUCTS_DIR; };
		560EB2DB280DE5CE00A54319 /* macOS.entitlements */ = {isa = PBXFileReference; lastKnownFileType = text.plist.entitlements; path = macOS.entitlements; sourceTree = "<group>"; };
		5610F384287C91190088AF58 /* AppCore.swift */ = {isa = PBXFileReference; lastKnownFileType = sourcecode.swift; path = AppCore.swift; sourceTree = "<group>"; };
		56327634284FCA6A000168C7 /* DatabaseBooer */ = {isa = PBXFileReference; lastKnownFileType = wrapper; path = DatabaseBooer; sourceTree = "<group>"; };
		56327635284FCA7A000168C7 /* BooerCalendar */ = {isa = PBXFileReference; lastKnownFileType = wrapper; path = BooerCalendar; sourceTree = "<group>"; };
		56327636284FCA94000168C7 /* BookManagment */ = {isa = PBXFileReference; lastKnownFileType = wrapper; path = BookManagment; sourceTree = "<group>"; };
		56395B7F28E4CAB70005DA7C /* CalendarUITests.swift */ = {isa = PBXFileReference; lastKnownFileType = sourcecode.swift; path = CalendarUITests.swift; sourceTree = "<group>"; };
		5649700629202C1D00472083 /* BooerKit */ = {isa = PBXFileReference; lastKnownFileType = wrapper; path = BooerKit; sourceTree = "<group>"; };
		56505A79292C162800AA2E46 /* NewChallengeUITests.swift */ = {isa = PBXFileReference; lastKnownFileType = sourcecode.swift; path = NewChallengeUITests.swift; sourceTree = "<group>"; };
		565557BC28E4C175001AF944 /* BooerUITests.xctest */ = {isa = PBXFileReference; explicitFileType = wrapper.cfbundle; includeInIndex = 0; path = BooerUITests.xctest; sourceTree = BUILT_PRODUCTS_DIR; };
		565557BE28E4C175001AF944 /* BooerUITests.swift */ = {isa = PBXFileReference; lastKnownFileType = sourcecode.swift; path = BooerUITests.swift; sourceTree = "<group>"; };
		565557C028E4C175001AF944 /* BooerUITestsLaunchTests.swift */ = {isa = PBXFileReference; lastKnownFileType = sourcecode.swift; path = BooerUITestsLaunchTests.swift; sourceTree = "<group>"; };
		56B44D34290BFC960078A4D4 /* TestKit */ = {isa = PBXFileReference; lastKnownFileType = wrapper; path = TestKit; sourceTree = "<group>"; };
		56D9542D29116DD200671D3B /* Challenges */ = {isa = PBXFileReference; lastKnownFileType = wrapper; path = Challenges; sourceTree = "<group>"; };
/* End PBXFileReference section */

/* Begin PBXFrameworksBuildPhase section */
		560EB2D0280DE5CE00A54319 /* Frameworks */ = {
			isa = PBXFrameworksBuildPhase;
			buildActionMask = 2147483647;
			files = (
				564889AF29E42B8500FC7BD7 /* Logging in Frameworks */,
				5632763C284FCACD000168C7 /* BookManagment in Frameworks */,
				56327638284FCAC5000168C7 /* BooerCalendar in Frameworks */,
				560EB2EC280DE89700A54319 /* ComposableArchitecture in Frameworks */,
				5655EFE4291453180040E4F6 /* Challenges in Frameworks */,
				5632763A284FCAC9000168C7 /* DatabaseBooer in Frameworks */,
			);
			runOnlyForDeploymentPostprocessing = 0;
		};
		560EB2D6280DE5CE00A54319 /* Frameworks */ = {
			isa = PBXFrameworksBuildPhase;
			buildActionMask = 2147483647;
			files = (
			);
			runOnlyForDeploymentPostprocessing = 0;
		};
		565557B928E4C175001AF944 /* Frameworks */ = {
			isa = PBXFrameworksBuildPhase;
			buildActionMask = 2147483647;
			files = (
			);
			runOnlyForDeploymentPostprocessing = 0;
		};
/* End PBXFrameworksBuildPhase section */

/* Begin PBXGroup section */
		560EB2C6280DE5CD00A54319 = {
			isa = PBXGroup;
			children = (
				560EB31728142F2400A54319 /* Packages */,
				560EB2CB280DE5CD00A54319 /* Shared */,
				560EB2DA280DE5CE00A54319 /* macOS */,
				565557BD28E4C175001AF944 /* BooerUITests */,
				560EB2D4280DE5CE00A54319 /* Products */,
				560EB31A28142F8300A54319 /* Frameworks */,
			);
			sourceTree = "<group>";
		};
		560EB2CB280DE5CD00A54319 /* Shared */ = {
			isa = PBXGroup;
			children = (
				560EB2CC280DE5CD00A54319 /* BooerApp.swift */,
				5610F384287C91190088AF58 /* AppCore.swift */,
				560EB2CD280DE5CD00A54319 /* ContentView.swift */,
				560EB2CE280DE5CE00A54319 /* Assets.xcassets */,
			);
			path = Shared;
			sourceTree = "<group>";
		};
		560EB2D4280DE5CE00A54319 /* Products */ = {
			isa = PBXGroup;
			children = (
				560EB2D3280DE5CE00A54319 /* Booer.app */,
				560EB2D9280DE5CE00A54319 /* Booer.app */,
				565557BC28E4C175001AF944 /* BooerUITests.xctest */,
			);
			name = Products;
			sourceTree = "<group>";
		};
		560EB2DA280DE5CE00A54319 /* macOS */ = {
			isa = PBXGroup;
			children = (
				560EB2DB280DE5CE00A54319 /* macOS.entitlements */,
			);
			path = macOS;
			sourceTree = "<group>";
		};
		560EB31728142F2400A54319 /* Packages */ = {
			isa = PBXGroup;
			children = (
				5649700629202C1D00472083 /* BooerKit */,
				56D9542D29116DD200671D3B /* Challenges */,
				56327634284FCA6A000168C7 /* DatabaseBooer */,
				56327635284FCA7A000168C7 /* BooerCalendar */,
				56327636284FCA94000168C7 /* BookManagment */,
				56B44D34290BFC960078A4D4 /* TestKit */,
			);
			name = Packages;
			sourceTree = "<group>";
		};
		560EB31A28142F8300A54319 /* Frameworks */ = {
			isa = PBXGroup;
			children = (
			);
			name = Frameworks;
			sourceTree = "<group>";
		};
		565557BD28E4C175001AF944 /* BooerUITests */ = {
			isa = PBXGroup;
			children = (
				565557BE28E4C175001AF944 /* BooerUITests.swift */,
				565557C028E4C175001AF944 /* BooerUITestsLaunchTests.swift */,
				56395B7F28E4CAB70005DA7C /* CalendarUITests.swift */,
				56505A79292C162800AA2E46 /* NewChallengeUITests.swift */,
			);
			path = BooerUITests;
			sourceTree = "<group>";
		};
/* End PBXGroup section */

/* Begin PBXNativeTarget section */
		560EB2D2280DE5CE00A54319 /* Booer (iOS) */ = {
			isa = PBXNativeTarget;
			buildConfigurationList = 560EB2E4280DE5CE00A54319 /* Build configuration list for PBXNativeTarget "Booer (iOS)" */;
			buildPhases = (
				560EB2CF280DE5CE00A54319 /* Sources */,
				560EB2D0280DE5CE00A54319 /* Frameworks */,
				560EB2D1280DE5CE00A54319 /* Resources */,
			);
			buildRules = (
			);
			dependencies = (
			);
			name = "Booer (iOS)";
			packageProductDependencies = (
				560EB2EB280DE89700A54319 /* ComposableArchitecture */,
				56327637284FCAC5000168C7 /* BooerCalendar */,
				56327639284FCAC9000168C7 /* DatabaseBooer */,
				5632763B284FCACD000168C7 /* BookManagment */,
				5655EFE3291453180040E4F6 /* Challenges */,
				564889AE29E42B8500FC7BD7 /* Logging */,
			);
			productName = "Booer (iOS)";
			productReference = 560EB2D3280DE5CE00A54319 /* Booer.app */;
			productType = "com.apple.product-type.application";
		};
		560EB2D8280DE5CE00A54319 /* Booer (macOS) */ = {
			isa = PBXNativeTarget;
			buildConfigurationList = 560EB2E7280DE5CE00A54319 /* Build configuration list for PBXNativeTarget "Booer (macOS)" */;
			buildPhases = (
				560EB2D5280DE5CE00A54319 /* Sources */,
				560EB2D6280DE5CE00A54319 /* Frameworks */,
				560EB2D7280DE5CE00A54319 /* Resources */,
			);
			buildRules = (
			);
			dependencies = (
			);
			name = "Booer (macOS)";
			packageProductDependencies = (
			);
			productName = "Booer (macOS)";
			productReference = 560EB2D9280DE5CE00A54319 /* Booer.app */;
			productType = "com.apple.product-type.application";
		};
		565557BB28E4C175001AF944 /* BooerUITests */ = {
			isa = PBXNativeTarget;
			buildConfigurationList = 565557C428E4C175001AF944 /* Build configuration list for PBXNativeTarget "BooerUITests" */;
			buildPhases = (
				565557B828E4C175001AF944 /* Sources */,
				565557B928E4C175001AF944 /* Frameworks */,
				565557BA28E4C175001AF944 /* Resources */,
			);
			buildRules = (
			);
			dependencies = (
				565557C328E4C175001AF944 /* PBXTargetDependency */,
			);
			name = BooerUITests;
			productName = BooerUITests;
			productReference = 565557BC28E4C175001AF944 /* BooerUITests.xctest */;
			productType = "com.apple.product-type.bundle.ui-testing";
		};
/* End PBXNativeTarget section */

/* Begin PBXProject section */
		560EB2C7280DE5CD00A54319 /* Project object */ = {
			isa = PBXProject;
			attributes = {
				BuildIndependentTargetsInParallel = 1;
				LastSwiftUpdateCheck = 1400;
				LastUpgradeCheck = 1330;
				TargetAttributes = {
					560EB2D2280DE5CE00A54319 = {
						CreatedOnToolsVersion = 13.3.1;
					};
					560EB2D8280DE5CE00A54319 = {
						CreatedOnToolsVersion = 13.3.1;
					};
					565557BB28E4C175001AF944 = {
						CreatedOnToolsVersion = 14.0;
						TestTargetID = 560EB2D2280DE5CE00A54319;
					};
				};
			};
			buildConfigurationList = 560EB2CA280DE5CD00A54319 /* Build configuration list for PBXProject "Booer" */;
			compatibilityVersion = "Xcode 13.0";
			developmentRegion = en;
			hasScannedForEncodings = 0;
			knownRegions = (
				en,
				Base,
			);
			mainGroup = 560EB2C6280DE5CD00A54319;
			packageReferences = (
				560EB2EA280DE89700A54319 /* XCRemoteSwiftPackageReference "swift-composable-architecture" */,
				56D9542A291154E800671D3B /* XCRemoteSwiftPackageReference "mockingbird" */,
				564889AD29E42B8500FC7BD7 /* XCRemoteSwiftPackageReference "swift-log" */,
			);
			productRefGroup = 560EB2D4280DE5CE00A54319 /* Products */;
			projectDirPath = "";
			projectRoot = "";
			targets = (
				560EB2D2280DE5CE00A54319 /* Booer (iOS) */,
				560EB2D8280DE5CE00A54319 /* Booer (macOS) */,
				565557BB28E4C175001AF944 /* BooerUITests */,
			);
		};
/* End PBXProject section */

/* Begin PBXResourcesBuildPhase section */
		560EB2D1280DE5CE00A54319 /* Resources */ = {
			isa = PBXResourcesBuildPhase;
			buildActionMask = 2147483647;
			files = (
				560EB2E0280DE5CE00A54319 /* Assets.xcassets in Resources */,
			);
			runOnlyForDeploymentPostprocessing = 0;
		};
		560EB2D7280DE5CE00A54319 /* Resources */ = {
			isa = PBXResourcesBuildPhase;
			buildActionMask = 2147483647;
			files = (
				560EB2E1280DE5CE00A54319 /* Assets.xcassets in Resources */,
			);
			runOnlyForDeploymentPostprocessing = 0;
		};
		565557BA28E4C175001AF944 /* Resources */ = {
			isa = PBXResourcesBuildPhase;
			buildActionMask = 2147483647;
			files = (
			);
			runOnlyForDeploymentPostprocessing = 0;
		};
/* End PBXResourcesBuildPhase section */

/* Begin PBXSourcesBuildPhase section */
		560EB2CF280DE5CE00A54319 /* Sources */ = {
			isa = PBXSourcesBuildPhase;
			buildActionMask = 2147483647;
			files = (
				5610F385287C91190088AF58 /* AppCore.swift in Sources */,
				560EB2DE280DE5CE00A54319 /* ContentView.swift in Sources */,
				560EB2DC280DE5CE00A54319 /* BooerApp.swift in Sources */,
			);
			runOnlyForDeploymentPostprocessing = 0;
		};
		560EB2D5280DE5CE00A54319 /* Sources */ = {
			isa = PBXSourcesBuildPhase;
			buildActionMask = 2147483647;
			files = (
				5610F386287C91190088AF58 /* AppCore.swift in Sources */,
				560EB2DF280DE5CE00A54319 /* ContentView.swift in Sources */,
				560EB2DD280DE5CE00A54319 /* BooerApp.swift in Sources */,
			);
			runOnlyForDeploymentPostprocessing = 0;
		};
		565557B828E4C175001AF944 /* Sources */ = {
			isa = PBXSourcesBuildPhase;
			buildActionMask = 2147483647;
			files = (
				565557C128E4C175001AF944 /* BooerUITestsLaunchTests.swift in Sources */,
				565557BF28E4C175001AF944 /* BooerUITests.swift in Sources */,
				56505A7A292C162800AA2E46 /* NewChallengeUITests.swift in Sources */,
				56395B8028E4CAB70005DA7C /* CalendarUITests.swift in Sources */,
			);
			runOnlyForDeploymentPostprocessing = 0;
		};
/* End PBXSourcesBuildPhase section */

/* Begin PBXTargetDependency section */
		565557C328E4C175001AF944 /* PBXTargetDependency */ = {
			isa = PBXTargetDependency;
			target = 560EB2D2280DE5CE00A54319 /* Booer (iOS) */;
			targetProxy = 565557C228E4C175001AF944 /* PBXContainerItemProxy */;
		};
/* End PBXTargetDependency section */

/* Begin XCBuildConfiguration section */
		560EB2E2280DE5CE00A54319 /* Debug */ = {
			isa = XCBuildConfiguration;
			buildSettings = {
				ALWAYS_SEARCH_USER_PATHS = NO;
				CLANG_ANALYZER_NONNULL = YES;
				CLANG_ANALYZER_NUMBER_OBJECT_CONVERSION = YES_AGGRESSIVE;
				CLANG_CXX_LANGUAGE_STANDARD = "gnu++17";
				CLANG_ENABLE_MODULES = YES;
				CLANG_ENABLE_OBJC_ARC = YES;
				CLANG_ENABLE_OBJC_WEAK = YES;
				CLANG_WARN_BLOCK_CAPTURE_AUTORELEASING = YES;
				CLANG_WARN_BOOL_CONVERSION = YES;
				CLANG_WARN_COMMA = YES;
				CLANG_WARN_CONSTANT_CONVERSION = YES;
				CLANG_WARN_DEPRECATED_OBJC_IMPLEMENTATIONS = YES;
				CLANG_WARN_DIRECT_OBJC_ISA_USAGE = YES_ERROR;
				CLANG_WARN_DOCUMENTATION_COMMENTS = YES;
				CLANG_WARN_EMPTY_BODY = YES;
				CLANG_WARN_ENUM_CONVERSION = YES;
				CLANG_WARN_INFINITE_RECURSION = YES;
				CLANG_WARN_INT_CONVERSION = YES;
				CLANG_WARN_NON_LITERAL_NULL_CONVERSION = YES;
				CLANG_WARN_OBJC_IMPLICIT_RETAIN_SELF = YES;
				CLANG_WARN_OBJC_LITERAL_CONVERSION = YES;
				CLANG_WARN_OBJC_ROOT_CLASS = YES_ERROR;
				CLANG_WARN_QUOTED_INCLUDE_IN_FRAMEWORK_HEADER = YES;
				CLANG_WARN_RANGE_LOOP_ANALYSIS = YES;
				CLANG_WARN_STRICT_PROTOTYPES = YES;
				CLANG_WARN_SUSPICIOUS_MOVE = YES;
				CLANG_WARN_UNGUARDED_AVAILABILITY = YES_AGGRESSIVE;
				CLANG_WARN_UNREACHABLE_CODE = YES;
				CLANG_WARN__DUPLICATE_METHOD_MATCH = YES;
				COPY_PHASE_STRIP = NO;
				DEBUG_INFORMATION_FORMAT = dwarf;
				ENABLE_STRICT_OBJC_MSGSEND = YES;
				ENABLE_TESTABILITY = YES;
				GCC_C_LANGUAGE_STANDARD = gnu11;
				GCC_DYNAMIC_NO_PIC = NO;
				GCC_NO_COMMON_BLOCKS = YES;
				GCC_OPTIMIZATION_LEVEL = 0;
				GCC_PREPROCESSOR_DEFINITIONS = (
					"DEBUG=1",
					"$(inherited)",
				);
				GCC_WARN_64_TO_32_BIT_CONVERSION = YES;
				GCC_WARN_ABOUT_RETURN_TYPE = YES_ERROR;
				GCC_WARN_UNDECLARED_SELECTOR = YES;
				GCC_WARN_UNINITIALIZED_AUTOS = YES_AGGRESSIVE;
				GCC_WARN_UNUSED_FUNCTION = YES;
				GCC_WARN_UNUSED_VARIABLE = YES;
				MTL_ENABLE_DEBUG_INFO = INCLUDE_SOURCE;
				MTL_FAST_MATH = YES;
				ONLY_ACTIVE_ARCH = YES;
				OTHER_LDFLAGS = (
					"-Xlinker",
					"-interposable",
				);
				SWIFT_ACTIVE_COMPILATION_CONDITIONS = DEBUG;
				SWIFT_OPTIMIZATION_LEVEL = "-Onone";
				SWIFT_STRICT_CONCURRENCY = targeted;
			};
			name = Debug;
		};
		560EB2E3280DE5CE00A54319 /* Release */ = {
			isa = XCBuildConfiguration;
			buildSettings = {
				ALWAYS_SEARCH_USER_PATHS = NO;
				CLANG_ANALYZER_NONNULL = YES;
				CLANG_ANALYZER_NUMBER_OBJECT_CONVERSION = YES_AGGRESSIVE;
				CLANG_CXX_LANGUAGE_STANDARD = "gnu++17";
				CLANG_ENABLE_MODULES = YES;
				CLANG_ENABLE_OBJC_ARC = YES;
				CLANG_ENABLE_OBJC_WEAK = YES;
				CLANG_WARN_BLOCK_CAPTURE_AUTORELEASING = YES;
				CLANG_WARN_BOOL_CONVERSION = YES;
				CLANG_WARN_COMMA = YES;
				CLANG_WARN_CONSTANT_CONVERSION = YES;
				CLANG_WARN_DEPRECATED_OBJC_IMPLEMENTATIONS = YES;
				CLANG_WARN_DIRECT_OBJC_ISA_USAGE = YES_ERROR;
				CLANG_WARN_DOCUMENTATION_COMMENTS = YES;
				CLANG_WARN_EMPTY_BODY = YES;
				CLANG_WARN_ENUM_CONVERSION = YES;
				CLANG_WARN_INFINITE_RECURSION = YES;
				CLANG_WARN_INT_CONVERSION = YES;
				CLANG_WARN_NON_LITERAL_NULL_CONVERSION = YES;
				CLANG_WARN_OBJC_IMPLICIT_RETAIN_SELF = YES;
				CLANG_WARN_OBJC_LITERAL_CONVERSION = YES;
				CLANG_WARN_OBJC_ROOT_CLASS = YES_ERROR;
				CLANG_WARN_QUOTED_INCLUDE_IN_FRAMEWORK_HEADER = YES;
				CLANG_WARN_RANGE_LOOP_ANALYSIS = YES;
				CLANG_WARN_STRICT_PROTOTYPES = YES;
				CLANG_WARN_SUSPICIOUS_MOVE = YES;
				CLANG_WARN_UNGUARDED_AVAILABILITY = YES_AGGRESSIVE;
				CLANG_WARN_UNREACHABLE_CODE = YES;
				CLANG_WARN__DUPLICATE_METHOD_MATCH = YES;
				COPY_PHASE_STRIP = NO;
				DEBUG_INFORMATION_FORMAT = "dwarf-with-dsym";
				ENABLE_NS_ASSERTIONS = NO;
				ENABLE_STRICT_OBJC_MSGSEND = YES;
				GCC_C_LANGUAGE_STANDARD = gnu11;
				GCC_NO_COMMON_BLOCKS = YES;
				GCC_WARN_64_TO_32_BIT_CONVERSION = YES;
				GCC_WARN_ABOUT_RETURN_TYPE = YES_ERROR;
				GCC_WARN_UNDECLARED_SELECTOR = YES;
				GCC_WARN_UNINITIALIZED_AUTOS = YES_AGGRESSIVE;
				GCC_WARN_UNUSED_FUNCTION = YES;
				GCC_WARN_UNUSED_VARIABLE = YES;
				MTL_ENABLE_DEBUG_INFO = NO;
				MTL_FAST_MATH = YES;
				SWIFT_COMPILATION_MODE = wholemodule;
				SWIFT_OPTIMIZATION_LEVEL = "-O";
				SWIFT_STRICT_CONCURRENCY = targeted;
			};
			name = Release;
		};
		560EB2E5280DE5CE00A54319 /* Debug */ = {
			isa = XCBuildConfiguration;
			buildSettings = {
				ASSETCATALOG_COMPILER_APPICON_NAME = AppIcon;
				ASSETCATALOG_COMPILER_GLOBAL_ACCENT_COLOR_NAME = AccentColor;
				CODE_SIGN_STYLE = Automatic;
				CURRENT_PROJECT_VERSION = 1;
				DEVELOPMENT_TEAM = 7RPD69GC7T;
				ENABLE_BITCODE = NO;
				ENABLE_PREVIEWS = YES;
				GENERATE_INFOPLIST_FILE = YES;
				INFOPLIST_KEY_UIApplicationSceneManifest_Generation = YES;
				INFOPLIST_KEY_UIApplicationSupportsIndirectInputEvents = YES;
				INFOPLIST_KEY_UILaunchScreen_Generation = YES;
				INFOPLIST_KEY_UISupportedInterfaceOrientations_iPad = "UIInterfaceOrientationPortrait UIInterfaceOrientationPortraitUpsideDown UIInterfaceOrientationLandscapeLeft UIInterfaceOrientationLandscapeRight";
				INFOPLIST_KEY_UISupportedInterfaceOrientations_iPhone = "UIInterfaceOrientationPortrait UIInterfaceOrientationLandscapeLeft UIInterfaceOrientationLandscapeRight";
				IPHONEOS_DEPLOYMENT_TARGET = 15.4;
				LD_RUNPATH_SEARCH_PATHS = (
					"$(inherited)",
					"@executable_path/Frameworks",
				);
				MARKETING_VERSION = 1.0;
				PRODUCT_BUNDLE_IDENTIFIER = veit.pro.Booer;
				PRODUCT_NAME = Booer;
				SDKROOT = iphoneos;
				SWIFT_EMIT_LOC_STRINGS = YES;
				SWIFT_VERSION = 5.0;
				TARGETED_DEVICE_FAMILY = "1,2";
			};
			name = Debug;
		};
		560EB2E6280DE5CE00A54319 /* Release */ = {
			isa = XCBuildConfiguration;
			buildSettings = {
				ASSETCATALOG_COMPILER_APPICON_NAME = AppIcon;
				ASSETCATALOG_COMPILER_GLOBAL_ACCENT_COLOR_NAME = AccentColor;
				CODE_SIGN_STYLE = Automatic;
				CURRENT_PROJECT_VERSION = 1;
				DEVELOPMENT_TEAM = 7RPD69GC7T;
				ENABLE_BITCODE = NO;
				ENABLE_PREVIEWS = YES;
				GENERATE_INFOPLIST_FILE = YES;
				INFOPLIST_KEY_UIApplicationSceneManifest_Generation = YES;
				INFOPLIST_KEY_UIApplicationSupportsIndirectInputEvents = YES;
				INFOPLIST_KEY_UILaunchScreen_Generation = YES;
				INFOPLIST_KEY_UISupportedInterfaceOrientations_iPad = "UIInterfaceOrientationPortrait UIInterfaceOrientationPortraitUpsideDown UIInterfaceOrientationLandscapeLeft UIInterfaceOrientationLandscapeRight";
				INFOPLIST_KEY_UISupportedInterfaceOrientations_iPhone = "UIInterfaceOrientationPortrait UIInterfaceOrientationLandscapeLeft UIInterfaceOrientationLandscapeRight";
				IPHONEOS_DEPLOYMENT_TARGET = 15.4;
				LD_RUNPATH_SEARCH_PATHS = (
					"$(inherited)",
					"@executable_path/Frameworks",
				);
				MARKETING_VERSION = 1.0;
				PRODUCT_BUNDLE_IDENTIFIER = veit.pro.Booer;
				PRODUCT_NAME = Booer;
				SDKROOT = iphoneos;
				SWIFT_EMIT_LOC_STRINGS = YES;
				SWIFT_VERSION = 5.0;
				TARGETED_DEVICE_FAMILY = "1,2";
				VALIDATE_PRODUCT = YES;
			};
			name = Release;
		};
		560EB2E8280DE5CE00A54319 /* Debug */ = {
			isa = XCBuildConfiguration;
			buildSettings = {
				ASSETCATALOG_COMPILER_APPICON_NAME = AppIcon;
				ASSETCATALOG_COMPILER_GLOBAL_ACCENT_COLOR_NAME = AccentColor;
				CODE_SIGN_ENTITLEMENTS = macOS/macOS.entitlements;
				CODE_SIGN_IDENTITY = "-";
				CODE_SIGN_STYLE = Automatic;
				COMBINE_HIDPI_IMAGES = YES;
				CURRENT_PROJECT_VERSION = 1;
				DEVELOPMENT_TEAM = 7RPD69GC7T;
				ENABLE_HARDENED_RUNTIME = YES;
				ENABLE_PREVIEWS = YES;
				GENERATE_INFOPLIST_FILE = YES;
				INFOPLIST_KEY_NSHumanReadableCopyright = "";
				LD_RUNPATH_SEARCH_PATHS = (
					"$(inherited)",
					"@executable_path/../Frameworks",
				);
				MACOSX_DEPLOYMENT_TARGET = 12.3;
				MARKETING_VERSION = 1.0;
				PRODUCT_BUNDLE_IDENTIFIER = veit.pro.Booer;
				PRODUCT_NAME = Booer;
				SDKROOT = macosx;
				SWIFT_EMIT_LOC_STRINGS = YES;
				SWIFT_VERSION = 5.0;
			};
			name = Debug;
		};
		560EB2E9280DE5CE00A54319 /* Release */ = {
			isa = XCBuildConfiguration;
			buildSettings = {
				ASSETCATALOG_COMPILER_APPICON_NAME = AppIcon;
				ASSETCATALOG_COMPILER_GLOBAL_ACCENT_COLOR_NAME = AccentColor;
				CODE_SIGN_ENTITLEMENTS = macOS/macOS.entitlements;
				CODE_SIGN_IDENTITY = "-";
				CODE_SIGN_STYLE = Automatic;
				COMBINE_HIDPI_IMAGES = YES;
				CURRENT_PROJECT_VERSION = 1;
				DEVELOPMENT_TEAM = 7RPD69GC7T;
				ENABLE_HARDENED_RUNTIME = YES;
				ENABLE_PREVIEWS = YES;
				GENERATE_INFOPLIST_FILE = YES;
				INFOPLIST_KEY_NSHumanReadableCopyright = "";
				LD_RUNPATH_SEARCH_PATHS = (
					"$(inherited)",
					"@executable_path/../Frameworks",
				);
				MACOSX_DEPLOYMENT_TARGET = 12.3;
				MARKETING_VERSION = 1.0;
				PRODUCT_BUNDLE_IDENTIFIER = veit.pro.Booer;
				PRODUCT_NAME = Booer;
				SDKROOT = macosx;
				SWIFT_EMIT_LOC_STRINGS = YES;
				SWIFT_VERSION = 5.0;
			};
			name = Release;
		};
		565557C528E4C175001AF944 /* Debug */ = {
			isa = XCBuildConfiguration;
			buildSettings = {
				CLANG_CXX_LANGUAGE_STANDARD = "gnu++20";
				CODE_SIGN_STYLE = Automatic;
				CURRENT_PROJECT_VERSION = 1;
				DEVELOPMENT_TEAM = 7RPD69GC7T;
				GENERATE_INFOPLIST_FILE = YES;
				IPHONEOS_DEPLOYMENT_TARGET = 16.0;
				MARKETING_VERSION = 1.0;
				PRODUCT_BUNDLE_IDENTIFIER = veit.pro.BooerUITests;
				PRODUCT_NAME = "$(TARGET_NAME)";
				SDKROOT = iphoneos;
				SWIFT_EMIT_LOC_STRINGS = NO;
				SWIFT_VERSION = 5.0;
				TARGETED_DEVICE_FAMILY = "1,2";
				TEST_TARGET_NAME = "Booer (iOS)";
			};
			name = Debug;
		};
		565557C628E4C175001AF944 /* Release */ = {
			isa = XCBuildConfiguration;
			buildSettings = {
				CLANG_CXX_LANGUAGE_STANDARD = "gnu++20";
				CODE_SIGN_STYLE = Automatic;
				CURRENT_PROJECT_VERSION = 1;
				DEVELOPMENT_TEAM = 7RPD69GC7T;
				GENERATE_INFOPLIST_FILE = YES;
				IPHONEOS_DEPLOYMENT_TARGET = 16.0;
				MARKETING_VERSION = 1.0;
				PRODUCT_BUNDLE_IDENTIFIER = veit.pro.BooerUITests;
				PRODUCT_NAME = "$(TARGET_NAME)";
				SDKROOT = iphoneos;
				SWIFT_EMIT_LOC_STRINGS = NO;
				SWIFT_VERSION = 5.0;
				TARGETED_DEVICE_FAMILY = "1,2";
				TEST_TARGET_NAME = "Booer (iOS)";
				VALIDATE_PRODUCT = YES;
			};
			name = Release;
		};
/* End XCBuildConfiguration section */

/* Begin XCConfigurationList section */
		560EB2CA280DE5CD00A54319 /* Build configuration list for PBXProject "Booer" */ = {
			isa = XCConfigurationList;
			buildConfigurations = (
				560EB2E2280DE5CE00A54319 /* Debug */,
				560EB2E3280DE5CE00A54319 /* Release */,
			);
			defaultConfigurationIsVisible = 0;
			defaultConfigurationName = Release;
		};
		560EB2E4280DE5CE00A54319 /* Build configuration list for PBXNativeTarget "Booer (iOS)" */ = {
			isa = XCConfigurationList;
			buildConfigurations = (
				560EB2E5280DE5CE00A54319 /* Debug */,
				560EB2E6280DE5CE00A54319 /* Release */,
			);
			defaultConfigurationIsVisible = 0;
			defaultConfigurationName = Release;
		};
		560EB2E7280DE5CE00A54319 /* Build configuration list for PBXNativeTarget "Booer (macOS)" */ = {
			isa = XCConfigurationList;
			buildConfigurations = (
				560EB2E8280DE5CE00A54319 /* Debug */,
				560EB2E9280DE5CE00A54319 /* Release */,
			);
			defaultConfigurationIsVisible = 0;
			defaultConfigurationName = Release;
		};
		565557C428E4C175001AF944 /* Build configuration list for PBXNativeTarget "BooerUITests" */ = {
			isa = XCConfigurationList;
			buildConfigurations = (
				565557C528E4C175001AF944 /* Debug */,
				565557C628E4C175001AF944 /* Release */,
			);
			defaultConfigurationIsVisible = 0;
			defaultConfigurationName = Release;
		};
/* End XCConfigurationList section */

/* Begin XCRemoteSwiftPackageReference section */
		560EB2EA280DE89700A54319 /* XCRemoteSwiftPackageReference "swift-composable-architecture" */ = {
			isa = XCRemoteSwiftPackageReference;
			repositoryURL = "https://github.com/pointfreeco/swift-composable-architecture.git";
			requirement = {
				branch = main;
				kind = branch;
			};
		};
		564889AD29E42B8500FC7BD7 /* XCRemoteSwiftPackageReference "swift-log" */ = {
			isa = XCRemoteSwiftPackageReference;
			repositoryURL = "https://github.com/apple/swift-log";
			requirement = {
				kind = upToNextMajorVersion;
				minimumVersion = 1.0.0;
			};
		};
		56D9542A291154E800671D3B /* XCRemoteSwiftPackageReference "mockingbird" */ = {
			isa = XCRemoteSwiftPackageReference;
			repositoryURL = "https://github.com/birdrides/mockingbird.git";
			requirement = {
				kind = upToNextMajorVersion;
				minimumVersion = 0.9.0;
			};
		};
/* End XCRemoteSwiftPackageReference section */

/* Begin XCSwiftPackageProductDependency section */
		560EB2EB280DE89700A54319 /* ComposableArchitecture */ = {
			isa = XCSwiftPackageProductDependency;
			package = 560EB2EA280DE89700A54319 /* XCRemoteSwiftPackageReference "swift-composable-architecture" */;
			productName = ComposableArchitecture;
		};
		56327637284FCAC5000168C7 /* BooerCalendar */ = {
			isa = XCSwiftPackageProductDependency;
			productName = BooerCalendar;
		};
		56327639284FCAC9000168C7 /* DatabaseBooer */ = {
			isa = XCSwiftPackageProductDependency;
			productName = DatabaseBooer;
		};
		5632763B284FCACD000168C7 /* BookManagment */ = {
			isa = XCSwiftPackageProductDependency;
			productName = BookManagment;
		};
		564889AE29E42B8500FC7BD7 /* Logging */ = {
			isa = XCSwiftPackageProductDependency;
			package = 564889AD29E42B8500FC7BD7 /* XCRemoteSwiftPackageReference "swift-log" */;
			productName = Logging;
		};
		5655EFE3291453180040E4F6 /* Challenges */ = {
			isa = XCSwiftPackageProductDependency;
			productName = Challenges;
		};
/* End XCSwiftPackageProductDependency section */
	};
	rootObject = 560EB2C7280DE5CD00A54319 /* Project object */;
}
