// !$*UTF8*$!
{
	archiveVersion = 1;
	classes = {
	};
	objectVersion = 52;
	objects = {

/* Begin PBXBuildFile section */
		560A7D642572553C00B8548A /* Tests_Shared.swift in Sources */ = {isa = PBXBuildFile; fileRef = 560A7D632572553C00B8548A /* Tests_Shared.swift */; };
		560A7D852572EBEC00B8548A /* BooksDoneRead.swift in Sources */ = {isa = PBXBuildFile; fileRef = 560A7D842572EBEC00B8548A /* BooksDoneRead.swift */; };
		560A7D862572EBEC00B8548A /* BooksDoneRead.swift in Sources */ = {isa = PBXBuildFile; fileRef = 560A7D842572EBEC00B8548A /* BooksDoneRead.swift */; };
		560A7D8D25757DAA00B8548A /* BookView.swift in Sources */ = {isa = PBXBuildFile; fileRef = 560A7D8C25757DAA00B8548A /* BookView.swift */; };
		560A7D8E25757DAA00B8548A /* BookView.swift in Sources */ = {isa = PBXBuildFile; fileRef = 560A7D8C25757DAA00B8548A /* BookView.swift */; };
		560A7DA125757E1900B8548A /* BookModel.swift in Sources */ = {isa = PBXBuildFile; fileRef = 560A7DA025757E1900B8548A /* BookModel.swift */; };
		560A7DA225757E1900B8548A /* BookModel.swift in Sources */ = {isa = PBXBuildFile; fileRef = 560A7DA025757E1900B8548A /* BookModel.swift */; };
		560A7DAE25757E4A00B8548A /* ItemFormater.swift in Sources */ = {isa = PBXBuildFile; fileRef = 560A7DAD25757E4A00B8548A /* ItemFormater.swift */; };
		560A7DAF25757E4A00B8548A /* ItemFormater.swift in Sources */ = {isa = PBXBuildFile; fileRef = 560A7DAD25757E4A00B8548A /* ItemFormater.swift */; };
		560A7DB62575807D00B8548A /* AddItem.swift in Sources */ = {isa = PBXBuildFile; fileRef = 560A7DB52575807D00B8548A /* AddItem.swift */; };
		560A7DB72575807D00B8548A /* AddItem.swift in Sources */ = {isa = PBXBuildFile; fileRef = 560A7DB52575807D00B8548A /* AddItem.swift */; };
		560A7DBE2575813300B8548A /* ExtensionOptional.swift in Sources */ = {isa = PBXBuildFile; fileRef = 560A7DBD2575813300B8548A /* ExtensionOptional.swift */; };
		560A7DBF2575813300B8548A /* ExtensionOptional.swift in Sources */ = {isa = PBXBuildFile; fileRef = 560A7DBD2575813300B8548A /* ExtensionOptional.swift */; };
		560A7DC62575814E00B8548A /* GetBook.swift in Sources */ = {isa = PBXBuildFile; fileRef = 560A7DC52575814E00B8548A /* GetBook.swift */; };
		560A7DC72575814E00B8548A /* GetBook.swift in Sources */ = {isa = PBXBuildFile; fileRef = 560A7DC52575814E00B8548A /* GetBook.swift */; };
		560A7DE12575834E00B8548A /* AddViewControll.swift in Sources */ = {isa = PBXBuildFile; fileRef = 560A7DE02575834E00B8548A /* AddViewControll.swift */; };
		560A7DE22575834E00B8548A /* AddViewControll.swift in Sources */ = {isa = PBXBuildFile; fileRef = 560A7DE02575834E00B8548A /* AddViewControll.swift */; };
		560A7DF325758F7500B8548A /* CustomAddView.swift in Sources */ = {isa = PBXBuildFile; fileRef = 560A7DF225758F7500B8548A /* CustomAddView.swift */; };
		560A7DF425758F7500B8548A /* CustomAddView.swift in Sources */ = {isa = PBXBuildFile; fileRef = 560A7DF225758F7500B8548A /* CustomAddView.swift */; };
		560A7DFC2576BE4800B8548A /* AddViewIOS.swift in Sources */ = {isa = PBXBuildFile; fileRef = 560A7DFB2576BE4800B8548A /* AddViewIOS.swift */; };
		560A7DFD2576BE4800B8548A /* AddViewIOS.swift in Sources */ = {isa = PBXBuildFile; fileRef = 560A7DFB2576BE4800B8548A /* AddViewIOS.swift */; };
		560A7E042576BE8400B8548A /* DisplayInfo.swift in Sources */ = {isa = PBXBuildFile; fileRef = 560A7E032576BE8400B8548A /* DisplayInfo.swift */; };
		560A7E052576BE8400B8548A /* DisplayInfo.swift in Sources */ = {isa = PBXBuildFile; fileRef = 560A7E032576BE8400B8548A /* DisplayInfo.swift */; };
		560A7E0C2576BECD00B8548A /* AddViewMacOS.swift in Sources */ = {isa = PBXBuildFile; fileRef = 560A7E0B2576BECD00B8548A /* AddViewMacOS.swift */; };
		560A7E0D2576BECD00B8548A /* AddViewMacOS.swift in Sources */ = {isa = PBXBuildFile; fileRef = 560A7E0B2576BECD00B8548A /* AddViewMacOS.swift */; };
		560A7E1A2576C03200B8548A /* NavigationIos.swift in Sources */ = {isa = PBXBuildFile; fileRef = 560A7E192576C03200B8548A /* NavigationIos.swift */; };
		560A7E1B2576C03200B8548A /* NavigationIos.swift in Sources */ = {isa = PBXBuildFile; fileRef = 560A7E192576C03200B8548A /* NavigationIos.swift */; };
		560A7E272576C05500B8548A /* NavigationMacOS.swift in Sources */ = {isa = PBXBuildFile; fileRef = 560A7E262576C05500B8548A /* NavigationMacOS.swift */; };
		560A7E282576C05500B8548A /* NavigationMacOS.swift in Sources */ = {isa = PBXBuildFile; fileRef = 560A7E262576C05500B8548A /* NavigationMacOS.swift */; };
		561060F1257D35B400A4A2AF /* AddChallenge.swift in Sources */ = {isa = PBXBuildFile; fileRef = 561060F0257D35B400A4A2AF /* AddChallenge.swift */; };
		56106101257D7B2800A4A2AF /* AddChallenge.swift in Sources */ = {isa = PBXBuildFile; fileRef = 561060F0257D35B400A4A2AF /* AddChallenge.swift */; };
		562ADCB725A78DAF00841ADD /* ChallengeModel.swift in Sources */ = {isa = PBXBuildFile; fileRef = 562ADCB625A78DAF00841ADD /* ChallengeModel.swift */; };
		562ADCB825A78DAF00841ADD /* ChallengeModel.swift in Sources */ = {isa = PBXBuildFile; fileRef = 562ADCB625A78DAF00841ADD /* ChallengeModel.swift */; };
		563AEC2E257C20DB00E26BE1 /* ChallengeView.swift in Sources */ = {isa = PBXBuildFile; fileRef = 563AEC2D257C20DB00E26BE1 /* ChallengeView.swift */; };
		563AEC2F257C20DB00E26BE1 /* ChallengeView.swift in Sources */ = {isa = PBXBuildFile; fileRef = 563AEC2D257C20DB00E26BE1 /* ChallengeView.swift */; };
		56BD9D0F2566F8D90060ACC1 /* AddView.swift in Sources */ = {isa = PBXBuildFile; fileRef = 56BD9D0E2566F8D90060ACC1 /* AddView.swift */; };
		56BD9D102566F8D90060ACC1 /* AddView.swift in Sources */ = {isa = PBXBuildFile; fileRef = 56BD9D0E2566F8D90060ACC1 /* AddView.swift */; };
		56BD9D22256706670060ACC1 /* Alamofire in Frameworks */ = {isa = PBXBuildFile; productRef = 56BD9D21256706670060ACC1 /* Alamofire */; };
		56BD9D292569414A0060ACC1 /* ResponseType.swift in Sources */ = {isa = PBXBuildFile; fileRef = 56BD9D28256941490060ACC1 /* ResponseType.swift */; };
		56BD9D2A2569414A0060ACC1 /* ResponseType.swift in Sources */ = {isa = PBXBuildFile; fileRef = 56BD9D28256941490060ACC1 /* ResponseType.swift */; };
		56BD9D43256975080060ACC1 /* SDWebImageSwiftUI in Frameworks */ = {isa = PBXBuildFile; productRef = 56BD9D42256975080060ACC1 /* SDWebImageSwiftUI */; };
		56BD9D4D256AFE650060ACC1 /* Alamofire in Frameworks */ = {isa = PBXBuildFile; productRef = 56BD9D4C256AFE650060ACC1 /* Alamofire */; };
		56BD9D4F256AFE6B0060ACC1 /* SDWebImageSwiftUI in Frameworks */ = {isa = PBXBuildFile; productRef = 56BD9D4E256AFE6B0060ACC1 /* SDWebImageSwiftUI */; };
		56DB831A2561843C004E5993 /* Tests_iOS.swift in Sources */ = {isa = PBXBuildFile; fileRef = 56DB83192561843C004E5993 /* Tests_iOS.swift */; };
		56DB83252561843D004E5993 /* Tests_macOS.swift in Sources */ = {isa = PBXBuildFile; fileRef = 56DB83242561843D004E5993 /* Tests_macOS.swift */; };
		56DB83272561843D004E5993 /* EBookTracking.xcdatamodeld in Sources */ = {isa = PBXBuildFile; fileRef = 56DB82FB2561843B004E5993 /* EBookTracking.xcdatamodeld */; };
		56DB83282561843D004E5993 /* EBookTracking.xcdatamodeld in Sources */ = {isa = PBXBuildFile; fileRef = 56DB82FB2561843B004E5993 /* EBookTracking.xcdatamodeld */; };
		56DB83292561843D004E5993 /* EBookTrackingApp.swift in Sources */ = {isa = PBXBuildFile; fileRef = 56DB82FD2561843B004E5993 /* EBookTrackingApp.swift */; };
		56DB832A2561843D004E5993 /* EBookTrackingApp.swift in Sources */ = {isa = PBXBuildFile; fileRef = 56DB82FD2561843B004E5993 /* EBookTrackingApp.swift */; };
		56DB832B2561843D004E5993 /* BooksList.swift in Sources */ = {isa = PBXBuildFile; fileRef = 56DB82FE2561843B004E5993 /* BooksList.swift */; };
		56DB832C2561843D004E5993 /* BooksList.swift in Sources */ = {isa = PBXBuildFile; fileRef = 56DB82FE2561843B004E5993 /* BooksList.swift */; };
		56DB832D2561843D004E5993 /* Persistence.swift in Sources */ = {isa = PBXBuildFile; fileRef = 56DB82FF2561843B004E5993 /* Persistence.swift */; };
		56DB832E2561843D004E5993 /* Persistence.swift in Sources */ = {isa = PBXBuildFile; fileRef = 56DB82FF2561843B004E5993 /* Persistence.swift */; };
		56DB832F2561843D004E5993 /* Assets.xcassets in Resources */ = {isa = PBXBuildFile; fileRef = 56DB83002561843C004E5993 /* Assets.xcassets */; };
		56DB83302561843D004E5993 /* Assets.xcassets in Resources */ = {isa = PBXBuildFile; fileRef = 56DB83002561843C004E5993 /* Assets.xcassets */; };
		56DB834425645D71004E5993 /* Sidebar.swift in Sources */ = {isa = PBXBuildFile; fileRef = 56DB834325645D71004E5993 /* Sidebar.swift */; };
		56DB834525645D71004E5993 /* Sidebar.swift in Sources */ = {isa = PBXBuildFile; fileRef = 56DB834325645D71004E5993 /* Sidebar.swift */; };
/* End PBXBuildFile section */

/* Begin PBXContainerItemProxy section */
		560A7D662572553C00B8548A /* PBXContainerItemProxy */ = {
			isa = PBXContainerItemProxy;
			containerPortal = 56DB82F62561843A004E5993 /* Project object */;
			proxyType = 1;
			remoteGlobalIDString = 56DB83042561843C004E5993;
			remoteInfo = "EBookTracking (iOS)";
		};
		56DB83162561843C004E5993 /* PBXContainerItemProxy */ = {
			isa = PBXContainerItemProxy;
			containerPortal = 56DB82F62561843A004E5993 /* Project object */;
			proxyType = 1;
			remoteGlobalIDString = 56DB83042561843C004E5993;
			remoteInfo = "EBookTracking (iOS)";
		};
		56DB83212561843D004E5993 /* PBXContainerItemProxy */ = {
			isa = PBXContainerItemProxy;
			containerPortal = 56DB82F62561843A004E5993 /* Project object */;
			proxyType = 1;
			remoteGlobalIDString = 56DB830C2561843C004E5993;
			remoteInfo = "EBookTracking (macOS)";
		};
/* End PBXContainerItemProxy section */

/* Begin PBXFileReference section */
		560A7D612572553C00B8548A /* Tests Shared.xctest */ = {isa = PBXFileReference; explicitFileType = wrapper.cfbundle; includeInIndex = 0; path = "Tests Shared.xctest"; sourceTree = BUILT_PRODUCTS_DIR; };
		560A7D632572553C00B8548A /* Tests_Shared.swift */ = {isa = PBXFileReference; lastKnownFileType = sourcecode.swift; path = Tests_Shared.swift; sourceTree = "<group>"; };
		560A7D652572553C00B8548A /* Info.plist */ = {isa = PBXFileReference; lastKnownFileType = text.plist.xml; path = Info.plist; sourceTree = "<group>"; };
		560A7D842572EBEC00B8548A /* BooksDoneRead.swift */ = {isa = PBXFileReference; lastKnownFileType = sourcecode.swift; path = BooksDoneRead.swift; sourceTree = "<group>"; };
		560A7D8C25757DAA00B8548A /* BookView.swift */ = {isa = PBXFileReference; lastKnownFileType = sourcecode.swift; path = BookView.swift; sourceTree = "<group>"; };
		560A7DA025757E1900B8548A /* BookModel.swift */ = {isa = PBXFileReference; lastKnownFileType = sourcecode.swift; path = BookModel.swift; sourceTree = "<group>"; };
		560A7DAD25757E4A00B8548A /* ItemFormater.swift */ = {isa = PBXFileReference; lastKnownFileType = sourcecode.swift; path = ItemFormater.swift; sourceTree = "<group>"; };
		560A7DB52575807D00B8548A /* AddItem.swift */ = {isa = PBXFileReference; lastKnownFileType = sourcecode.swift; path = AddItem.swift; sourceTree = "<group>"; };
		560A7DBD2575813300B8548A /* ExtensionOptional.swift */ = {isa = PBXFileReference; lastKnownFileType = sourcecode.swift; path = ExtensionOptional.swift; sourceTree = "<group>"; };
		560A7DC52575814E00B8548A /* GetBook.swift */ = {isa = PBXFileReference; lastKnownFileType = sourcecode.swift; path = GetBook.swift; sourceTree = "<group>"; };
		560A7DE02575834E00B8548A /* AddViewControll.swift */ = {isa = PBXFileReference; lastKnownFileType = sourcecode.swift; path = AddViewControll.swift; sourceTree = "<group>"; };
		560A7DF225758F7500B8548A /* CustomAddView.swift */ = {isa = PBXFileReference; lastKnownFileType = sourcecode.swift; path = CustomAddView.swift; sourceTree = "<group>"; };
		560A7DFB2576BE4800B8548A /* AddViewIOS.swift */ = {isa = PBXFileReference; lastKnownFileType = sourcecode.swift; path = AddViewIOS.swift; sourceTree = "<group>"; };
		560A7E032576BE8400B8548A /* DisplayInfo.swift */ = {isa = PBXFileReference; lastKnownFileType = sourcecode.swift; path = DisplayInfo.swift; sourceTree = "<group>"; };
		560A7E0B2576BECD00B8548A /* AddViewMacOS.swift */ = {isa = PBXFileReference; lastKnownFileType = sourcecode.swift; path = AddViewMacOS.swift; sourceTree = "<group>"; };
		560A7E192576C03200B8548A /* NavigationIos.swift */ = {isa = PBXFileReference; lastKnownFileType = sourcecode.swift; path = NavigationIos.swift; sourceTree = "<group>"; };
		560A7E262576C05500B8548A /* NavigationMacOS.swift */ = {isa = PBXFileReference; lastKnownFileType = sourcecode.swift; path = NavigationMacOS.swift; sourceTree = "<group>"; };
		561060F0257D35B400A4A2AF /* AddChallenge.swift */ = {isa = PBXFileReference; lastKnownFileType = sourcecode.swift; path = AddChallenge.swift; sourceTree = "<group>"; };
		562ADCB625A78DAF00841ADD /* ChallengeModel.swift */ = {isa = PBXFileReference; lastKnownFileType = sourcecode.swift; path = ChallengeModel.swift; sourceTree = "<group>"; };
		563AEC2D257C20DB00E26BE1 /* ChallengeView.swift */ = {isa = PBXFileReference; lastKnownFileType = sourcecode.swift; path = ChallengeView.swift; sourceTree = "<group>"; };
		56BD9D0E2566F8D90060ACC1 /* AddView.swift */ = {isa = PBXFileReference; lastKnownFileType = sourcecode.swift; path = AddView.swift; sourceTree = "<group>"; };
		56BD9D28256941490060ACC1 /* ResponseType.swift */ = {isa = PBXFileReference; lastKnownFileType = sourcecode.swift; path = ResponseType.swift; sourceTree = "<group>"; };
		56DB82FC2561843B004E5993 /* Shared.xcdatamodel */ = {isa = PBXFileReference; lastKnownFileType = wrapper.xcdatamodel; path = Shared.xcdatamodel; sourceTree = "<group>"; };
		56DB82FD2561843B004E5993 /* EBookTrackingApp.swift */ = {isa = PBXFileReference; lastKnownFileType = sourcecode.swift; path = EBookTrackingApp.swift; sourceTree = "<group>"; };
		56DB82FE2561843B004E5993 /* BooksList.swift */ = {isa = PBXFileReference; lastKnownFileType = sourcecode.swift; path = BooksList.swift; sourceTree = "<group>"; };
		56DB82FF2561843B004E5993 /* Persistence.swift */ = {isa = PBXFileReference; lastKnownFileType = sourcecode.swift; path = Persistence.swift; sourceTree = "<group>"; };
		56DB83002561843C004E5993 /* Assets.xcassets */ = {isa = PBXFileReference; lastKnownFileType = folder.assetcatalog; path = Assets.xcassets; sourceTree = "<group>"; };
		56DB83052561843C004E5993 /* EBookTracking.app */ = {isa = PBXFileReference; explicitFileType = wrapper.application; includeInIndex = 0; path = EBookTracking.app; sourceTree = BUILT_PRODUCTS_DIR; };
		56DB83082561843C004E5993 /* Info.plist */ = {isa = PBXFileReference; lastKnownFileType = text.plist.xml; path = Info.plist; sourceTree = "<group>"; };
		56DB830D2561843C004E5993 /* EBookTracking.app */ = {isa = PBXFileReference; explicitFileType = wrapper.application; includeInIndex = 0; path = EBookTracking.app; sourceTree = BUILT_PRODUCTS_DIR; };
		56DB830F2561843C004E5993 /* Info.plist */ = {isa = PBXFileReference; lastKnownFileType = text.plist.xml; path = Info.plist; sourceTree = "<group>"; };
		56DB83102561843C004E5993 /* macOS.entitlements */ = {isa = PBXFileReference; lastKnownFileType = text.plist.entitlements; path = macOS.entitlements; sourceTree = "<group>"; };
		56DB83152561843C004E5993 /* Tests iOS.xctest */ = {isa = PBXFileReference; explicitFileType = wrapper.cfbundle; includeInIndex = 0; path = "Tests iOS.xctest"; sourceTree = BUILT_PRODUCTS_DIR; };
		56DB83192561843C004E5993 /* Tests_iOS.swift */ = {isa = PBXFileReference; lastKnownFileType = sourcecode.swift; path = Tests_iOS.swift; sourceTree = "<group>"; };
		56DB831B2561843D004E5993 /* Info.plist */ = {isa = PBXFileReference; lastKnownFileType = text.plist.xml; path = Info.plist; sourceTree = "<group>"; };
		56DB83202561843D004E5993 /* Tests macOS.xctest */ = {isa = PBXFileReference; explicitFileType = wrapper.cfbundle; includeInIndex = 0; path = "Tests macOS.xctest"; sourceTree = BUILT_PRODUCTS_DIR; };
		56DB83242561843D004E5993 /* Tests_macOS.swift */ = {isa = PBXFileReference; lastKnownFileType = sourcecode.swift; path = Tests_macOS.swift; sourceTree = "<group>"; };
		56DB83262561843D004E5993 /* Info.plist */ = {isa = PBXFileReference; lastKnownFileType = text.plist.xml; path = Info.plist; sourceTree = "<group>"; };
		56DB834325645D71004E5993 /* Sidebar.swift */ = {isa = PBXFileReference; lastKnownFileType = sourcecode.swift; path = Sidebar.swift; sourceTree = "<group>"; };
/* End PBXFileReference section */

/* Begin PBXFrameworksBuildPhase section */
		560A7D5E2572553C00B8548A /* Frameworks */ = {
			isa = PBXFrameworksBuildPhase;
			buildActionMask = 2147483647;
			files = (
			);
			runOnlyForDeploymentPostprocessing = 0;
		};
		56DB83022561843C004E5993 /* Frameworks */ = {
			isa = PBXFrameworksBuildPhase;
			buildActionMask = 2147483647;
			files = (
				56BD9D4F256AFE6B0060ACC1 /* SDWebImageSwiftUI in Frameworks */,
				56BD9D4D256AFE650060ACC1 /* Alamofire in Frameworks */,
			);
			runOnlyForDeploymentPostprocessing = 0;
		};
		56DB830A2561843C004E5993 /* Frameworks */ = {
			isa = PBXFrameworksBuildPhase;
			buildActionMask = 2147483647;
			files = (
				56BD9D43256975080060ACC1 /* SDWebImageSwiftUI in Frameworks */,
				56BD9D22256706670060ACC1 /* Alamofire in Frameworks */,
			);
			runOnlyForDeploymentPostprocessing = 0;
		};
		56DB83122561843C004E5993 /* Frameworks */ = {
			isa = PBXFrameworksBuildPhase;
			buildActionMask = 2147483647;
			files = (
			);
			runOnlyForDeploymentPostprocessing = 0;
		};
		56DB831D2561843D004E5993 /* Frameworks */ = {
			isa = PBXFrameworksBuildPhase;
			buildActionMask = 2147483647;
			files = (
			);
			runOnlyForDeploymentPostprocessing = 0;
		};
/* End PBXFrameworksBuildPhase section */

/* Begin PBXGroup section */
		560A7D622572553C00B8548A /* Tests Shared */ = {
			isa = PBXGroup;
			children = (
				560A7D632572553C00B8548A /* Tests_Shared.swift */,
				560A7D652572553C00B8548A /* Info.plist */,
			);
			path = "Tests Shared";
			sourceTree = "<group>";
		};
		560A7D9425757DC600B8548A /* View */ = {
			isa = PBXGroup;
			children = (
				56EBE0612584DCC300032F14 /* book */,
				561060EF257D359E00A4A2AF /* ConifugreChallenge */,
				563AEC2C257C209100E26BE1 /* MainViews */,
				560A7E182576C02100B8548A /* Navigation */,
				560A7DFA2576BE3C00B8548A /* AddView */,
			);
			path = View;
			sourceTree = "<group>";
		};
		560A7D9525757DDD00B8548A /* ViewModel */ = {
			isa = PBXGroup;
			children = (
				560A7DDF2575831A00B8548A /* AddView */,
				560A7DA025757E1900B8548A /* BookModel.swift */,
				560A7DBD2575813300B8548A /* ExtensionOptional.swift */,
				560A7DC52575814E00B8548A /* GetBook.swift */,
				560A7DB52575807D00B8548A /* AddItem.swift */,
				562ADCB625A78DAF00841ADD /* ChallengeModel.swift */,
			);
			path = ViewModel;
			sourceTree = "<group>";
		};
		560A7DDF2575831A00B8548A /* AddView */ = {
			isa = PBXGroup;
			children = (
			);
			path = AddView;
			sourceTree = "<group>";
		};
		560A7DFA2576BE3C00B8548A /* AddView */ = {
			isa = PBXGroup;
			children = (
				560A7DE02575834E00B8548A /* AddViewControll.swift */,
				56BD9D0E2566F8D90060ACC1 /* AddView.swift */,
				560A7DFB2576BE4800B8548A /* AddViewIOS.swift */,
				560A7E0B2576BECD00B8548A /* AddViewMacOS.swift */,
				560A7E032576BE8400B8548A /* DisplayInfo.swift */,
				560A7DF225758F7500B8548A /* CustomAddView.swift */,
			);
			path = AddView;
			sourceTree = "<group>";
		};
		560A7E182576C02100B8548A /* Navigation */ = {
			isa = PBXGroup;
			children = (
				560A7E192576C03200B8548A /* NavigationIos.swift */,
				560A7E262576C05500B8548A /* NavigationMacOS.swift */,
				56DB834325645D71004E5993 /* Sidebar.swift */,
			);
			path = Navigation;
			sourceTree = "<group>";
		};
		561060EF257D359E00A4A2AF /* ConifugreChallenge */ = {
			isa = PBXGroup;
			children = (
				561060F0257D35B400A4A2AF /* AddChallenge.swift */,
			);
			path = ConifugreChallenge;
			sourceTree = "<group>";
		};
		563AEC2C257C209100E26BE1 /* MainViews */ = {
			isa = PBXGroup;
			children = (
				560A7D842572EBEC00B8548A /* BooksDoneRead.swift */,
				56DB82FE2561843B004E5993 /* BooksList.swift */,
				563AEC2D257C20DB00E26BE1 /* ChallengeView.swift */,
			);
			path = MainViews;
			sourceTree = "<group>";
		};
		56BD9D27256941330060ACC1 /* Model */ = {
			isa = PBXGroup;
			children = (
				56DB82FF2561843B004E5993 /* Persistence.swift */,
				56BD9D28256941490060ACC1 /* ResponseType.swift */,
				560A7DAD25757E4A00B8548A /* ItemFormater.swift */,
			);
			path = Model;
			sourceTree = "<group>";
		};
		56BD9D362569732D0060ACC1 /* Frameworks */ = {
			isa = PBXGroup;
			children = (
			);
			name = Frameworks;
			sourceTree = "<group>";
		};
		56DB82F52561843A004E5993 = {
			isa = PBXGroup;
			children = (
				56DB82FA2561843B004E5993 /* Shared */,
				56DB83072561843C004E5993 /* iOS */,
				56DB830E2561843C004E5993 /* macOS */,
				56DB83182561843C004E5993 /* Tests iOS */,
				56DB83232561843D004E5993 /* Tests macOS */,
				560A7D622572553C00B8548A /* Tests Shared */,
				56DB83062561843C004E5993 /* Products */,
				56BD9D362569732D0060ACC1 /* Frameworks */,
			);
			sourceTree = "<group>";
		};
		56DB82FA2561843B004E5993 /* Shared */ = {
			isa = PBXGroup;
			children = (
				56BD9D27256941330060ACC1 /* Model */,
				560A7D9525757DDD00B8548A /* ViewModel */,
				560A7D9425757DC600B8548A /* View */,
				56DB82FD2561843B004E5993 /* EBookTrackingApp.swift */,
				56DB83002561843C004E5993 /* Assets.xcassets */,
				56DB82FB2561843B004E5993 /* EBookTracking.xcdatamodeld */,
			);
			path = Shared;
			sourceTree = "<group>";
		};
		56DB83062561843C004E5993 /* Products */ = {
			isa = PBXGroup;
			children = (
				56DB83052561843C004E5993 /* EBookTracking.app */,
				56DB830D2561843C004E5993 /* EBookTracking.app */,
				56DB83152561843C004E5993 /* Tests iOS.xctest */,
				56DB83202561843D004E5993 /* Tests macOS.xctest */,
				560A7D612572553C00B8548A /* Tests Shared.xctest */,
			);
			name = Products;
			sourceTree = "<group>";
		};
		56DB83072561843C004E5993 /* iOS */ = {
			isa = PBXGroup;
			children = (
				56DB83082561843C004E5993 /* Info.plist */,
			);
			path = iOS;
			sourceTree = "<group>";
		};
		56DB830E2561843C004E5993 /* macOS */ = {
			isa = PBXGroup;
			children = (
				56DB830F2561843C004E5993 /* Info.plist */,
				56DB83102561843C004E5993 /* macOS.entitlements */,
			);
			path = macOS;
			sourceTree = "<group>";
		};
		56DB83182561843C004E5993 /* Tests iOS */ = {
			isa = PBXGroup;
			children = (
				56DB83192561843C004E5993 /* Tests_iOS.swift */,
				56DB831B2561843D004E5993 /* Info.plist */,
			);
			path = "Tests iOS";
			sourceTree = "<group>";
		};
		56DB83232561843D004E5993 /* Tests macOS */ = {
			isa = PBXGroup;
			children = (
				56DB83242561843D004E5993 /* Tests_macOS.swift */,
				56DB83262561843D004E5993 /* Info.plist */,
			);
			path = "Tests macOS";
			sourceTree = "<group>";
		};
		56EBE0612584DCC300032F14 /* book */ = {
			isa = PBXGroup;
			children = (
				560A7D8C25757DAA00B8548A /* BookView.swift */,
			);
			path = book;
			sourceTree = "<group>";
		};
/* End PBXGroup section */

/* Begin PBXNativeTarget section */
		560A7D602572553C00B8548A /* Tests Shared */ = {
			isa = PBXNativeTarget;
			buildConfigurationList = 560A7D682572553C00B8548A /* Build configuration list for PBXNativeTarget "Tests Shared" */;
			buildPhases = (
				560A7D5D2572553C00B8548A /* Sources */,
				560A7D5E2572553C00B8548A /* Frameworks */,
				560A7D5F2572553C00B8548A /* Resources */,
			);
			buildRules = (
			);
			dependencies = (
				560A7D672572553C00B8548A /* PBXTargetDependency */,
			);
			name = "Tests Shared";
			productName = "Tests Shared";
			productReference = 560A7D612572553C00B8548A /* Tests Shared.xctest */;
			productType = "com.apple.product-type.bundle.unit-test";
		};
		56DB83042561843C004E5993 /* EBookTracking (iOS) */ = {
			isa = PBXNativeTarget;
			buildConfigurationList = 56DB83332561843D004E5993 /* Build configuration list for PBXNativeTarget "EBookTracking (iOS)" */;
			buildPhases = (
				56DB83012561843C004E5993 /* Sources */,
				56DB83022561843C004E5993 /* Frameworks */,
				56DB83032561843C004E5993 /* Resources */,
			);
			buildRules = (
			);
			dependencies = (
			);
			name = "EBookTracking (iOS)";
			packageProductDependencies = (
				56BD9D4C256AFE650060ACC1 /* Alamofire */,
				56BD9D4E256AFE6B0060ACC1 /* SDWebImageSwiftUI */,
			);
			productName = "EBookTracking (iOS)";
			productReference = 56DB83052561843C004E5993 /* EBookTracking.app */;
			productType = "com.apple.product-type.application";
		};
		56DB830C2561843C004E5993 /* EBookTracking (macOS) */ = {
			isa = PBXNativeTarget;
			buildConfigurationList = 56DB83362561843D004E5993 /* Build configuration list for PBXNativeTarget "EBookTracking (macOS)" */;
			buildPhases = (
				56DB83092561843C004E5993 /* Sources */,
				56DB830A2561843C004E5993 /* Frameworks */,
				56DB830B2561843C004E5993 /* Resources */,
			);
			buildRules = (
			);
			dependencies = (
			);
			name = "EBookTracking (macOS)";
			packageProductDependencies = (
				56BD9D21256706670060ACC1 /* Alamofire */,
				56BD9D42256975080060ACC1 /* SDWebImageSwiftUI */,
			);
			productName = "EBookTracking (macOS)";
			productReference = 56DB830D2561843C004E5993 /* EBookTracking.app */;
			productType = "com.apple.product-type.application";
		};
		56DB83142561843C004E5993 /* Tests iOS */ = {
			isa = PBXNativeTarget;
			buildConfigurationList = 56DB83392561843D004E5993 /* Build configuration list for PBXNativeTarget "Tests iOS" */;
			buildPhases = (
				56DB83112561843C004E5993 /* Sources */,
				56DB83122561843C004E5993 /* Frameworks */,
				56DB83132561843C004E5993 /* Resources */,
			);
			buildRules = (
			);
			dependencies = (
				56DB83172561843C004E5993 /* PBXTargetDependency */,
			);
			name = "Tests iOS";
			productName = "Tests iOS";
			productReference = 56DB83152561843C004E5993 /* Tests iOS.xctest */;
			productType = "com.apple.product-type.bundle.ui-testing";
		};
		56DB831F2561843D004E5993 /* Tests macOS */ = {
			isa = PBXNativeTarget;
			buildConfigurationList = 56DB833C2561843D004E5993 /* Build configuration list for PBXNativeTarget "Tests macOS" */;
			buildPhases = (
				56DB831C2561843D004E5993 /* Sources */,
				56DB831D2561843D004E5993 /* Frameworks */,
				56DB831E2561843D004E5993 /* Resources */,
			);
			buildRules = (
			);
			dependencies = (
				56DB83222561843D004E5993 /* PBXTargetDependency */,
			);
			name = "Tests macOS";
			productName = "Tests macOS";
			productReference = 56DB83202561843D004E5993 /* Tests macOS.xctest */;
			productType = "com.apple.product-type.bundle.ui-testing";
		};
/* End PBXNativeTarget section */

/* Begin PBXProject section */
		56DB82F62561843A004E5993 /* Project object */ = {
			isa = PBXProject;
			attributes = {
				LastSwiftUpdateCheck = 1230;
				LastUpgradeCheck = 1230;
				TargetAttributes = {
					560A7D602572553C00B8548A = {
						CreatedOnToolsVersion = 12.3;
						TestTargetID = 56DB83042561843C004E5993;
					};
					56DB83042561843C004E5993 = {
						CreatedOnToolsVersion = 12.3;
					};
					56DB830C2561843C004E5993 = {
						CreatedOnToolsVersion = 12.3;
					};
					56DB83142561843C004E5993 = {
						CreatedOnToolsVersion = 12.3;
						TestTargetID = 56DB83042561843C004E5993;
					};
					56DB831F2561843D004E5993 = {
						CreatedOnToolsVersion = 12.3;
						TestTargetID = 56DB830C2561843C004E5993;
					};
				};
			};
			buildConfigurationList = 56DB82F92561843A004E5993 /* Build configuration list for PBXProject "EBookTracking" */;
			compatibilityVersion = "Xcode 9.3";
			developmentRegion = en;
			hasScannedForEncodings = 0;
			knownRegions = (
				en,
				Base,
			);
			mainGroup = 56DB82F52561843A004E5993;
			packageReferences = (
				56BD9D20256706670060ACC1 /* XCRemoteSwiftPackageReference "Alamofire" */,
				56BD9D41256975080060ACC1 /* XCRemoteSwiftPackageReference "SDWebImageSwiftUI" */,
			);
			productRefGroup = 56DB83062561843C004E5993 /* Products */;
			projectDirPath = "";
			projectRoot = "";
			targets = (
				56DB83042561843C004E5993 /* EBookTracking (iOS) */,
				56DB830C2561843C004E5993 /* EBookTracking (macOS) */,
				56DB83142561843C004E5993 /* Tests iOS */,
				56DB831F2561843D004E5993 /* Tests macOS */,
				560A7D602572553C00B8548A /* Tests Shared */,
			);
		};
/* End PBXProject section */

/* Begin PBXResourcesBuildPhase section */
		560A7D5F2572553C00B8548A /* Resources */ = {
			isa = PBXResourcesBuildPhase;
			buildActionMask = 2147483647;
			files = (
			);
			runOnlyForDeploymentPostprocessing = 0;
		};
		56DB83032561843C004E5993 /* Resources */ = {
			isa = PBXResourcesBuildPhase;
			buildActionMask = 2147483647;
			files = (
				56DB832F2561843D004E5993 /* Assets.xcassets in Resources */,
			);
			runOnlyForDeploymentPostprocessing = 0;
		};
		56DB830B2561843C004E5993 /* Resources */ = {
			isa = PBXResourcesBuildPhase;
			buildActionMask = 2147483647;
			files = (
				56DB83302561843D004E5993 /* Assets.xcassets in Resources */,
			);
			runOnlyForDeploymentPostprocessing = 0;
		};
		56DB83132561843C004E5993 /* Resources */ = {
			isa = PBXResourcesBuildPhase;
			buildActionMask = 2147483647;
			files = (
			);
			runOnlyForDeploymentPostprocessing = 0;
		};
		56DB831E2561843D004E5993 /* Resources */ = {
			isa = PBXResourcesBuildPhase;
			buildActionMask = 2147483647;
			files = (
			);
			runOnlyForDeploymentPostprocessing = 0;
		};
/* End PBXResourcesBuildPhase section */

/* Begin PBXSourcesBuildPhase section */
		560A7D5D2572553C00B8548A /* Sources */ = {
			isa = PBXSourcesBuildPhase;
			buildActionMask = 2147483647;
			files = (
				560A7D642572553C00B8548A /* Tests_Shared.swift in Sources */,
			);
			runOnlyForDeploymentPostprocessing = 0;
		};
		56DB83012561843C004E5993 /* Sources */ = {
			isa = PBXSourcesBuildPhase;
			buildActionMask = 2147483647;
			files = (
				560A7DA125757E1900B8548A /* BookModel.swift in Sources */,
				560A7DFC2576BE4800B8548A /* AddViewIOS.swift in Sources */,
				560A7E042576BE8400B8548A /* DisplayInfo.swift in Sources */,
				562ADCB725A78DAF00841ADD /* ChallengeModel.swift in Sources */,
				560A7D8D25757DAA00B8548A /* BookView.swift in Sources */,
				56DB834425645D71004E5993 /* Sidebar.swift in Sources */,
				560A7E1A2576C03200B8548A /* NavigationIos.swift in Sources */,
				560A7DE12575834E00B8548A /* AddViewControll.swift in Sources */,
				56DB83272561843D004E5993 /* EBookTracking.xcdatamodeld in Sources */,
				56BD9D0F2566F8D90060ACC1 /* AddView.swift in Sources */,
				560A7DAE25757E4A00B8548A /* ItemFormater.swift in Sources */,
				560A7DBE2575813300B8548A /* ExtensionOptional.swift in Sources */,
				560A7E0C2576BECD00B8548A /* AddViewMacOS.swift in Sources */,
				56DB832D2561843D004E5993 /* Persistence.swift in Sources */,
				56DB83292561843D004E5993 /* EBookTrackingApp.swift in Sources */,
				563AEC2E257C20DB00E26BE1 /* ChallengeView.swift in Sources */,
				560A7DB62575807D00B8548A /* AddItem.swift in Sources */,
				56DB832B2561843D004E5993 /* BooksList.swift in Sources */,
				560A7DC62575814E00B8548A /* GetBook.swift in Sources */,
				560A7DF325758F7500B8548A /* CustomAddView.swift in Sources */,
				561060F1257D35B400A4A2AF /* AddChallenge.swift in Sources */,
				560A7D852572EBEC00B8548A /* BooksDoneRead.swift in Sources */,
				56BD9D292569414A0060ACC1 /* ResponseType.swift in Sources */,
				560A7E272576C05500B8548A /* NavigationMacOS.swift in Sources */,
			);
			runOnlyForDeploymentPostprocessing = 0;
		};
		56DB83092561843C004E5993 /* Sources */ = {
			isa = PBXSourcesBuildPhase;
			buildActionMask = 2147483647;
			files = (
				560A7DA225757E1900B8548A /* BookModel.swift in Sources */,
				560A7DFD2576BE4800B8548A /* AddViewIOS.swift in Sources */,
				560A7E052576BE8400B8548A /* DisplayInfo.swift in Sources */,
				562ADCB825A78DAF00841ADD /* ChallengeModel.swift in Sources */,
				560A7D8E25757DAA00B8548A /* BookView.swift in Sources */,
				56DB834525645D71004E5993 /* Sidebar.swift in Sources */,
				560A7E1B2576C03200B8548A /* NavigationIos.swift in Sources */,
				560A7DE22575834E00B8548A /* AddViewControll.swift in Sources */,
				56DB83282561843D004E5993 /* EBookTracking.xcdatamodeld in Sources */,
				56BD9D102566F8D90060ACC1 /* AddView.swift in Sources */,
				560A7DAF25757E4A00B8548A /* ItemFormater.swift in Sources */,
				560A7DBF2575813300B8548A /* ExtensionOptional.swift in Sources */,
				560A7E0D2576BECD00B8548A /* AddViewMacOS.swift in Sources */,
				56DB832E2561843D004E5993 /* Persistence.swift in Sources */,
				56DB832A2561843D004E5993 /* EBookTrackingApp.swift in Sources */,
				563AEC2F257C20DB00E26BE1 /* ChallengeView.swift in Sources */,
				560A7DB72575807D00B8548A /* AddItem.swift in Sources */,
				56DB832C2561843D004E5993 /* BooksList.swift in Sources */,
				560A7DC72575814E00B8548A /* GetBook.swift in Sources */,
				560A7DF425758F7500B8548A /* CustomAddView.swift in Sources */,
				56106101257D7B2800A4A2AF /* AddChallenge.swift in Sources */,
				560A7D862572EBEC00B8548A /* BooksDoneRead.swift in Sources */,
				56BD9D2A2569414A0060ACC1 /* ResponseType.swift in Sources */,
				560A7E282576C05500B8548A /* NavigationMacOS.swift in Sources */,
			);
			runOnlyForDeploymentPostprocessing = 0;
		};
		56DB83112561843C004E5993 /* Sources */ = {
			isa = PBXSourcesBuildPhase;
			buildActionMask = 2147483647;
			files = (
				56DB831A2561843C004E5993 /* Tests_iOS.swift in Sources */,
			);
			runOnlyForDeploymentPostprocessing = 0;
		};
		56DB831C2561843D004E5993 /* Sources */ = {
			isa = PBXSourcesBuildPhase;
			buildActionMask = 2147483647;
			files = (
				56DB83252561843D004E5993 /* Tests_macOS.swift in Sources */,
			);
			runOnlyForDeploymentPostprocessing = 0;
		};
/* End PBXSourcesBuildPhase section */

/* Begin PBXTargetDependency section */
		560A7D672572553C00B8548A /* PBXTargetDependency */ = {
			isa = PBXTargetDependency;
			target = 56DB83042561843C004E5993 /* EBookTracking (iOS) */;
			targetProxy = 560A7D662572553C00B8548A /* PBXContainerItemProxy */;
		};
		56DB83172561843C004E5993 /* PBXTargetDependency */ = {
			isa = PBXTargetDependency;
			target = 56DB83042561843C004E5993 /* EBookTracking (iOS) */;
			targetProxy = 56DB83162561843C004E5993 /* PBXContainerItemProxy */;
		};
		56DB83222561843D004E5993 /* PBXTargetDependency */ = {
			isa = PBXTargetDependency;
			target = 56DB830C2561843C004E5993 /* EBookTracking (macOS) */;
			targetProxy = 56DB83212561843D004E5993 /* PBXContainerItemProxy */;
		};
/* End PBXTargetDependency section */

/* Begin XCBuildConfiguration section */
		560A7D692572553C00B8548A /* Debug */ = {
			isa = XCBuildConfiguration;
			buildSettings = {
				BUNDLE_LOADER = "$(TEST_HOST)";
				CODE_SIGN_STYLE = Automatic;
				DEVELOPMENT_TEAM = 7RPD69GC7T;
				INFOPLIST_FILE = "Tests Shared/Info.plist";
				IPHONEOS_DEPLOYMENT_TARGET = 14.3;
				LD_RUNPATH_SEARCH_PATHS = (
					"$(inherited)",
					"@executable_path/Frameworks",
					"@loader_path/Frameworks",
				);
				PRODUCT_BUNDLE_IDENTIFIER = "veit.pro.Tests-Shared";
				PRODUCT_NAME = "$(TARGET_NAME)";
				SDKROOT = iphoneos;
				SWIFT_VERSION = 5.0;
				TARGETED_DEVICE_FAMILY = "1,2";
				TEST_HOST = "$(BUILT_PRODUCTS_DIR)/EBookTracking.app/EBookTracking";
			};
			name = Debug;
		};
		560A7D6A2572553C00B8548A /* Release */ = {
			isa = XCBuildConfiguration;
			buildSettings = {
				BUNDLE_LOADER = "$(TEST_HOST)";
				CODE_SIGN_STYLE = Automatic;
				DEVELOPMENT_TEAM = 7RPD69GC7T;
				INFOPLIST_FILE = "Tests Shared/Info.plist";
				IPHONEOS_DEPLOYMENT_TARGET = 14.3;
				LD_RUNPATH_SEARCH_PATHS = (
					"$(inherited)",
					"@executable_path/Frameworks",
					"@loader_path/Frameworks",
				);
				PRODUCT_BUNDLE_IDENTIFIER = "veit.pro.Tests-Shared";
				PRODUCT_NAME = "$(TARGET_NAME)";
				SDKROOT = iphoneos;
				SWIFT_VERSION = 5.0;
				TARGETED_DEVICE_FAMILY = "1,2";
				TEST_HOST = "$(BUILT_PRODUCTS_DIR)/EBookTracking.app/EBookTracking";
				VALIDATE_PRODUCT = YES;
			};
			name = Release;
		};
		56DB83312561843D004E5993 /* Debug */ = {
			isa = XCBuildConfiguration;
			buildSettings = {
				ALWAYS_SEARCH_USER_PATHS = NO;
				CLANG_ANALYZER_NONNULL = YES;
				CLANG_ANALYZER_NUMBER_OBJECT_CONVERSION = YES_AGGRESSIVE;
				CLANG_CXX_LANGUAGE_STANDARD = "gnu++14";
				CLANG_CXX_LIBRARY = "libc++";
				CLANG_ENABLE_MODULES = YES;
				CLANG_ENABLE_OBJC_ARC = YES;
				CLANG_ENABLE_OBJC_WEAK = YES;
				CLANG_WARN_BLOCK_CAPTURE_AUTORELEASING = YES;
				CLANG_WARN_BOOL_CONVERSION = YES;
				CLANG_WARN_COMMA = YES;
				CLANG_WARN_CONSTANT_CONVERSION = YES;
				CLANG_WARN_DEPRECATED_OBJC_IMPLEMENTATIONS = YES;
				CLANG_WARN_DIRECT_OBJC_ISA_USAGE = YES_ERROR;
				CLANG_WARN_DOCUMENTATION_COMMENTS = YES;
				CLANG_WARN_EMPTY_BODY = YES;
				CLANG_WARN_ENUM_CONVERSION = YES;
				CLANG_WARN_INFINITE_RECURSION = YES;
				CLANG_WARN_INT_CONVERSION = YES;
				CLANG_WARN_NON_LITERAL_NULL_CONVERSION = YES;
				CLANG_WARN_OBJC_IMPLICIT_RETAIN_SELF = YES;
				CLANG_WARN_OBJC_LITERAL_CONVERSION = YES;
				CLANG_WARN_OBJC_ROOT_CLASS = YES_ERROR;
				CLANG_WARN_QUOTED_INCLUDE_IN_FRAMEWORK_HEADER = YES;
				CLANG_WARN_RANGE_LOOP_ANALYSIS = YES;
				CLANG_WARN_STRICT_PROTOTYPES = YES;
				CLANG_WARN_SUSPICIOUS_MOVE = YES;
				CLANG_WARN_UNGUARDED_AVAILABILITY = YES_AGGRESSIVE;
				CLANG_WARN_UNREACHABLE_CODE = YES;
				CLANG_WARN__DUPLICATE_METHOD_MATCH = YES;
				COPY_PHASE_STRIP = NO;
				DEBUG_INFORMATION_FORMAT = dwarf;
				ENABLE_STRICT_OBJC_MSGSEND = YES;
				ENABLE_TESTABILITY = YES;
				GCC_C_LANGUAGE_STANDARD = gnu11;
				GCC_DYNAMIC_NO_PIC = NO;
				GCC_NO_COMMON_BLOCKS = YES;
				GCC_OPTIMIZATION_LEVEL = 0;
				GCC_PREPROCESSOR_DEFINITIONS = (
					"DEBUG=1",
					"$(inherited)",
				);
				GCC_WARN_64_TO_32_BIT_CONVERSION = YES;
				GCC_WARN_ABOUT_RETURN_TYPE = YES_ERROR;
				GCC_WARN_UNDECLARED_SELECTOR = YES;
				GCC_WARN_UNINITIALIZED_AUTOS = YES_AGGRESSIVE;
				GCC_WARN_UNUSED_FUNCTION = YES;
				GCC_WARN_UNUSED_VARIABLE = YES;
				MTL_ENABLE_DEBUG_INFO = INCLUDE_SOURCE;
				MTL_FAST_MATH = YES;
				ONLY_ACTIVE_ARCH = YES;
				SWIFT_ACTIVE_COMPILATION_CONDITIONS = DEBUG;
				SWIFT_OPTIMIZATION_LEVEL = "-Onone";
			};
			name = Debug;
		};
		56DB83322561843D004E5993 /* Release */ = {
			isa = XCBuildConfiguration;
			buildSettings = {
				ALWAYS_SEARCH_USER_PATHS = NO;
				CLANG_ANALYZER_NONNULL = YES;
				CLANG_ANALYZER_NUMBER_OBJECT_CONVERSION = YES_AGGRESSIVE;
				CLANG_CXX_LANGUAGE_STANDARD = "gnu++14";
				CLANG_CXX_LIBRARY = "libc++";
				CLANG_ENABLE_MODULES = YES;
				CLANG_ENABLE_OBJC_ARC = YES;
				CLANG_ENABLE_OBJC_WEAK = YES;
				CLANG_WARN_BLOCK_CAPTURE_AUTORELEASING = YES;
				CLANG_WARN_BOOL_CONVERSION = YES;
				CLANG_WARN_COMMA = YES;
				CLANG_WARN_CONSTANT_CONVERSION = YES;
				CLANG_WARN_DEPRECATED_OBJC_IMPLEMENTATIONS = YES;
				CLANG_WARN_DIRECT_OBJC_ISA_USAGE = YES_ERROR;
				CLANG_WARN_DOCUMENTATION_COMMENTS = YES;
				CLANG_WARN_EMPTY_BODY = YES;
				CLANG_WARN_ENUM_CONVERSION = YES;
				CLANG_WARN_INFINITE_RECURSION = YES;
				CLANG_WARN_INT_CONVERSION = YES;
				CLANG_WARN_NON_LITERAL_NULL_CONVERSION = YES;
				CLANG_WARN_OBJC_IMPLICIT_RETAIN_SELF = YES;
				CLANG_WARN_OBJC_LITERAL_CONVERSION = YES;
				CLANG_WARN_OBJC_ROOT_CLASS = YES_ERROR;
				CLANG_WARN_QUOTED_INCLUDE_IN_FRAMEWORK_HEADER = YES;
				CLANG_WARN_RANGE_LOOP_ANALYSIS = YES;
				CLANG_WARN_STRICT_PROTOTYPES = YES;
				CLANG_WARN_SUSPICIOUS_MOVE = YES;
				CLANG_WARN_UNGUARDED_AVAILABILITY = YES_AGGRESSIVE;
				CLANG_WARN_UNREACHABLE_CODE = YES;
				CLANG_WARN__DUPLICATE_METHOD_MATCH = YES;
				COPY_PHASE_STRIP = NO;
				DEBUG_INFORMATION_FORMAT = "dwarf-with-dsym";
				ENABLE_NS_ASSERTIONS = NO;
				ENABLE_STRICT_OBJC_MSGSEND = YES;
				GCC_C_LANGUAGE_STANDARD = gnu11;
				GCC_NO_COMMON_BLOCKS = YES;
				GCC_WARN_64_TO_32_BIT_CONVERSION = YES;
				GCC_WARN_ABOUT_RETURN_TYPE = YES_ERROR;
				GCC_WARN_UNDECLARED_SELECTOR = YES;
				GCC_WARN_UNINITIALIZED_AUTOS = YES_AGGRESSIVE;
				GCC_WARN_UNUSED_FUNCTION = YES;
				GCC_WARN_UNUSED_VARIABLE = YES;
				MTL_ENABLE_DEBUG_INFO = NO;
				MTL_FAST_MATH = YES;
				SWIFT_COMPILATION_MODE = wholemodule;
				SWIFT_OPTIMIZATION_LEVEL = "-O";
			};
			name = Release;
		};
		56DB83342561843D004E5993 /* Debug */ = {
			isa = XCBuildConfiguration;
			buildSettings = {
				ASSETCATALOG_COMPILER_APPICON_NAME = AppIcon;
				ASSETCATALOG_COMPILER_GLOBAL_ACCENT_COLOR_NAME = AccentColor;
				CODE_SIGN_STYLE = Automatic;
				DEVELOPMENT_TEAM = 7RPD69GC7T;
				ENABLE_PREVIEWS = YES;
				INFOPLIST_FILE = iOS/Info.plist;
				IPHONEOS_DEPLOYMENT_TARGET = 14.0;
				LD_RUNPATH_SEARCH_PATHS = (
					"$(inherited)",
					"@executable_path/Frameworks",
				);
				PRODUCT_BUNDLE_IDENTIFIER = veit.pro.EBookTracking;
				PRODUCT_NAME = EBookTracking;
				SDKROOT = iphoneos;
				SWIFT_VERSION = 5.0;
				TARGETED_DEVICE_FAMILY = "1,2";
			};
			name = Debug;
		};
		56DB83352561843D004E5993 /* Release */ = {
			isa = XCBuildConfiguration;
			buildSettings = {
				ASSETCATALOG_COMPILER_APPICON_NAME = AppIcon;
				ASSETCATALOG_COMPILER_GLOBAL_ACCENT_COLOR_NAME = AccentColor;
				CODE_SIGN_STYLE = Automatic;
				DEVELOPMENT_TEAM = 7RPD69GC7T;
				ENABLE_PREVIEWS = YES;
				INFOPLIST_FILE = iOS/Info.plist;
				IPHONEOS_DEPLOYMENT_TARGET = 14.0;
				LD_RUNPATH_SEARCH_PATHS = (
					"$(inherited)",
					"@executable_path/Frameworks",
				);
				PRODUCT_BUNDLE_IDENTIFIER = veit.pro.EBookTracking;
				PRODUCT_NAME = EBookTracking;
				SDKROOT = iphoneos;
				SWIFT_VERSION = 5.0;
				TARGETED_DEVICE_FAMILY = "1,2";
				VALIDATE_PRODUCT = YES;
			};
			name = Release;
		};
		56DB83372561843D004E5993 /* Debug */ = {
			isa = XCBuildConfiguration;
			buildSettings = {
				ASSETCATALOG_COMPILER_APPICON_NAME = AppIcon;
				ASSETCATALOG_COMPILER_GLOBAL_ACCENT_COLOR_NAME = AccentColor;
				CODE_SIGN_ENTITLEMENTS = macOS/macOS.entitlements;
				CODE_SIGN_STYLE = Automatic;
				COMBINE_HIDPI_IMAGES = YES;
				DEVELOPMENT_TEAM = 7RPD69GC7T;
				ENABLE_HARDENED_RUNTIME = YES;
				ENABLE_PREVIEWS = YES;
				INFOPLIST_FILE = macOS/Info.plist;
				LD_RUNPATH_SEARCH_PATHS = (
					"$(inherited)",
					"@executable_path/../Frameworks",
				);
				MACOSX_DEPLOYMENT_TARGET = 11.0;
				PRODUCT_BUNDLE_IDENTIFIER = veit.pro.EBookTracking;
				PRODUCT_NAME = EBookTracking;
				SDKROOT = macosx;
				SWIFT_VERSION = 5.0;
			};
			name = Debug;
		};
		56DB83382561843D004E5993 /* Release */ = {
			isa = XCBuildConfiguration;
			buildSettings = {
				ASSETCATALOG_COMPILER_APPICON_NAME = AppIcon;
				ASSETCATALOG_COMPILER_GLOBAL_ACCENT_COLOR_NAME = AccentColor;
				CODE_SIGN_ENTITLEMENTS = macOS/macOS.entitlements;
				CODE_SIGN_STYLE = Automatic;
				COMBINE_HIDPI_IMAGES = YES;
				DEVELOPMENT_TEAM = 7RPD69GC7T;
				ENABLE_HARDENED_RUNTIME = YES;
				ENABLE_PREVIEWS = YES;
				INFOPLIST_FILE = macOS/Info.plist;
				LD_RUNPATH_SEARCH_PATHS = (
					"$(inherited)",
					"@executable_path/../Frameworks",
				);
				MACOSX_DEPLOYMENT_TARGET = 11.0;
				PRODUCT_BUNDLE_IDENTIFIER = veit.pro.EBookTracking;
				PRODUCT_NAME = EBookTracking;
				SDKROOT = macosx;
				SWIFT_VERSION = 5.0;
			};
			name = Release;
		};
		56DB833A2561843D004E5993 /* Debug */ = {
			isa = XCBuildConfiguration;
			buildSettings = {
				ALWAYS_EMBED_SWIFT_STANDARD_LIBRARIES = YES;
				CODE_SIGN_STYLE = Automatic;
				DEVELOPMENT_TEAM = 7RPD69GC7T;
				INFOPLIST_FILE = "Tests iOS/Info.plist";
				IPHONEOS_DEPLOYMENT_TARGET = 14.3;
				LD_RUNPATH_SEARCH_PATHS = (
					"$(inherited)",
					"@executable_path/Frameworks",
					"@loader_path/Frameworks",
				);
				PRODUCT_BUNDLE_IDENTIFIER = "veit.pro.Tests-iOS";
				PRODUCT_NAME = "$(TARGET_NAME)";
				SDKROOT = iphoneos;
				SWIFT_VERSION = 5.0;
				TARGETED_DEVICE_FAMILY = "1,2";
				TEST_TARGET_NAME = "EBookTracking (iOS)";
			};
			name = Debug;
		};
		56DB833B2561843D004E5993 /* Release */ = {
			isa = XCBuildConfiguration;
			buildSettings = {
				ALWAYS_EMBED_SWIFT_STANDARD_LIBRARIES = YES;
				CODE_SIGN_STYLE = Automatic;
				DEVELOPMENT_TEAM = 7RPD69GC7T;
				INFOPLIST_FILE = "Tests iOS/Info.plist";
				IPHONEOS_DEPLOYMENT_TARGET = 14.3;
				LD_RUNPATH_SEARCH_PATHS = (
					"$(inherited)",
					"@executable_path/Frameworks",
					"@loader_path/Frameworks",
				);
				PRODUCT_BUNDLE_IDENTIFIER = "veit.pro.Tests-iOS";
				PRODUCT_NAME = "$(TARGET_NAME)";
				SDKROOT = iphoneos;
				SWIFT_VERSION = 5.0;
				TARGETED_DEVICE_FAMILY = "1,2";
				TEST_TARGET_NAME = "EBookTracking (iOS)";
				VALIDATE_PRODUCT = YES;
			};
			name = Release;
		};
		56DB833D2561843D004E5993 /* Debug */ = {
			isa = XCBuildConfiguration;
			buildSettings = {
				ALWAYS_EMBED_SWIFT_STANDARD_LIBRARIES = YES;
				CODE_SIGN_STYLE = Automatic;
				COMBINE_HIDPI_IMAGES = YES;
				DEVELOPMENT_TEAM = 7RPD69GC7T;
				INFOPLIST_FILE = "Tests macOS/Info.plist";
				LD_RUNPATH_SEARCH_PATHS = (
					"$(inherited)",
					"@executable_path/../Frameworks",
					"@loader_path/../Frameworks",
				);
				MACOSX_DEPLOYMENT_TARGET = 11.0;
				PRODUCT_BUNDLE_IDENTIFIER = "veit.pro.Tests-macOS";
				PRODUCT_NAME = "$(TARGET_NAME)";
				SDKROOT = macosx;
				SWIFT_VERSION = 5.0;
				TEST_TARGET_NAME = "EBookTracking (macOS)";
			};
			name = Debug;
		};
		56DB833E2561843D004E5993 /* Release */ = {
			isa = XCBuildConfiguration;
			buildSettings = {
				ALWAYS_EMBED_SWIFT_STANDARD_LIBRARIES = YES;
				CODE_SIGN_STYLE = Automatic;
				COMBINE_HIDPI_IMAGES = YES;
				DEVELOPMENT_TEAM = 7RPD69GC7T;
				INFOPLIST_FILE = "Tests macOS/Info.plist";
				LD_RUNPATH_SEARCH_PATHS = (
					"$(inherited)",
					"@executable_path/../Frameworks",
					"@loader_path/../Frameworks",
				);
				MACOSX_DEPLOYMENT_TARGET = 11.0;
				PRODUCT_BUNDLE_IDENTIFIER = "veit.pro.Tests-macOS";
				PRODUCT_NAME = "$(TARGET_NAME)";
				SDKROOT = macosx;
				SWIFT_VERSION = 5.0;
				TEST_TARGET_NAME = "EBookTracking (macOS)";
			};
			name = Release;
		};
/* End XCBuildConfiguration section */

/* Begin XCConfigurationList section */
		560A7D682572553C00B8548A /* Build configuration list for PBXNativeTarget "Tests Shared" */ = {
			isa = XCConfigurationList;
			buildConfigurations = (
				560A7D692572553C00B8548A /* Debug */,
				560A7D6A2572553C00B8548A /* Release */,
			);
			defaultConfigurationIsVisible = 0;
			defaultConfigurationName = Release;
		};
		56DB82F92561843A004E5993 /* Build configuration list for PBXProject "EBookTracking" */ = {
			isa = XCConfigurationList;
			buildConfigurations = (
				56DB83312561843D004E5993 /* Debug */,
				56DB83322561843D004E5993 /* Release */,
			);
			defaultConfigurationIsVisible = 0;
			defaultConfigurationName = Release;
		};
		56DB83332561843D004E5993 /* Build configuration list for PBXNativeTarget "EBookTracking (iOS)" */ = {
			isa = XCConfigurationList;
			buildConfigurations = (
				56DB83342561843D004E5993 /* Debug */,
				56DB83352561843D004E5993 /* Release */,
			);
			defaultConfigurationIsVisible = 0;
			defaultConfigurationName = Release;
		};
		56DB83362561843D004E5993 /* Build configuration list for PBXNativeTarget "EBookTracking (macOS)" */ = {
			isa = XCConfigurationList;
			buildConfigurations = (
				56DB83372561843D004E5993 /* Debug */,
				56DB83382561843D004E5993 /* Release */,
			);
			defaultConfigurationIsVisible = 0;
			defaultConfigurationName = Release;
		};
		56DB83392561843D004E5993 /* Build configuration list for PBXNativeTarget "Tests iOS" */ = {
			isa = XCConfigurationList;
			buildConfigurations = (
				56DB833A2561843D004E5993 /* Debug */,
				56DB833B2561843D004E5993 /* Release */,
			);
			defaultConfigurationIsVisible = 0;
			defaultConfigurationName = Release;
		};
		56DB833C2561843D004E5993 /* Build configuration list for PBXNativeTarget "Tests macOS" */ = {
			isa = XCConfigurationList;
			buildConfigurations = (
				56DB833D2561843D004E5993 /* Debug */,
				56DB833E2561843D004E5993 /* Release */,
			);
			defaultConfigurationIsVisible = 0;
			defaultConfigurationName = Release;
		};
/* End XCConfigurationList section */

/* Begin XCRemoteSwiftPackageReference section */
		56BD9D20256706670060ACC1 /* XCRemoteSwiftPackageReference "Alamofire" */ = {
			isa = XCRemoteSwiftPackageReference;
			repositoryURL = "https://github.com/Alamofire/Alamofire";
			requirement = {
				kind = upToNextMajorVersion;
				minimumVersion = 5.4.0;
			};
		};
		56BD9D41256975080060ACC1 /* XCRemoteSwiftPackageReference "SDWebImageSwiftUI" */ = {
			isa = XCRemoteSwiftPackageReference;
			repositoryURL = "https://github.com/SDWebImage/SDWebImageSwiftUI";
			requirement = {
				kind = upToNextMajorVersion;
				minimumVersion = 1.5.0;
			};
		};
/* End XCRemoteSwiftPackageReference section */

/* Begin XCSwiftPackageProductDependency section */
		56BD9D21256706670060ACC1 /* Alamofire */ = {
			isa = XCSwiftPackageProductDependency;
			package = 56BD9D20256706670060ACC1 /* XCRemoteSwiftPackageReference "Alamofire" */;
			productName = Alamofire;
		};
		56BD9D42256975080060ACC1 /* SDWebImageSwiftUI */ = {
			isa = XCSwiftPackageProductDependency;
			package = 56BD9D41256975080060ACC1 /* XCRemoteSwiftPackageReference "SDWebImageSwiftUI" */;
			productName = SDWebImageSwiftUI;
		};
		56BD9D4C256AFE650060ACC1 /* Alamofire */ = {
			isa = XCSwiftPackageProductDependency;
			package = 56BD9D20256706670060ACC1 /* XCRemoteSwiftPackageReference "Alamofire" */;
			productName = Alamofire;
		};
		56BD9D4E256AFE6B0060ACC1 /* SDWebImageSwiftUI */ = {
			isa = XCSwiftPackageProductDependency;
			package = 56BD9D41256975080060ACC1 /* XCRemoteSwiftPackageReference "SDWebImageSwiftUI" */;
			productName = SDWebImageSwiftUI;
		};
/* End XCSwiftPackageProductDependency section */

/* Begin XCVersionGroup section */
		56DB82FB2561843B004E5993 /* EBookTracking.xcdatamodeld */ = {
			isa = XCVersionGroup;
			children = (
				56DB82FC2561843B004E5993 /* Shared.xcdatamodel */,
			);
			currentVersion = 56DB82FC2561843B004E5993 /* Shared.xcdatamodel */;
			path = EBookTracking.xcdatamodeld;
			sourceTree = "<group>";
			versionGroupType = wrapper.xcdatamodel;
		};
/* End XCVersionGroup section */
	};
	rootObject = 56DB82F62561843A004E5993 /* Project object */;
}
